// !$*UTF8*$!
{
	archiveVersion = 1;
	classes = {
	};
	objectVersion = 46;
	objects = {

/* Begin PBXBuildFile section */
		0E1ABAD81CF5F62E00960224 /* BoPhotoGroupCell.m in Sources */ = {isa = PBXBuildFile; fileRef = 0E1ABACC1CF5F62E00960224 /* BoPhotoGroupCell.m */; };
		0E1ABAD91CF5F62E00960224 /* BoPhotoGroupView.m in Sources */ = {isa = PBXBuildFile; fileRef = 0E1ABACE1CF5F62E00960224 /* BoPhotoGroupView.m */; };
		0E1ABADA1CF5F62E00960224 /* BoPhotoListCell.m in Sources */ = {isa = PBXBuildFile; fileRef = 0E1ABAD01CF5F62E00960224 /* BoPhotoListCell.m */; };
		0E1ABADB1CF5F62E00960224 /* BoPhotoListView.m in Sources */ = {isa = PBXBuildFile; fileRef = 0E1ABAD21CF5F62E00960224 /* BoPhotoListView.m */; };
		0E1ABADC1CF5F62E00960224 /* BoPhotoPicker.bundle in Resources */ = {isa = PBXBuildFile; fileRef = 0E1ABAD31CF5F62E00960224 /* BoPhotoPicker.bundle */; };
		0E1ABADD1CF5F62E00960224 /* BoPhotoPickerViewController.m in Sources */ = {isa = PBXBuildFile; fileRef = 0E1ABAD51CF5F62E00960224 /* BoPhotoPickerViewController.m */; };
		0E1ABADE1CF5F62E00960224 /* BoTapAssetView.m in Sources */ = {isa = PBXBuildFile; fileRef = 0E1ABAD71CF5F62E00960224 /* BoTapAssetView.m */; };
		0E1E20BB1CBA5C5E0032723A /* ZZNoHLButton.m in Sources */ = {isa = PBXBuildFile; fileRef = 0E1E20BA1CBA5C5E0032723A /* ZZNoHLButton.m */; };
		0E1E20BE1CBA76030032723A /* ZZHomePageData.m in Sources */ = {isa = PBXBuildFile; fileRef = 0E1E20BD1CBA76030032723A /* ZZHomePageData.m */; };
		0E1E20C11CBA84580032723A /* ZZHomeTopic.m in Sources */ = {isa = PBXBuildFile; fileRef = 0E1E20C01CBA84580032723A /* ZZHomeTopic.m */; };
		0E1E20C41CBA88190032723A /* ZZCategoryElement.m in Sources */ = {isa = PBXBuildFile; fileRef = 0E1E20C31CBA88190032723A /* ZZCategoryElement.m */; };
		0E1E20C71CBA88FE0032723A /* ZZFirstPageElement.m in Sources */ = {isa = PBXBuildFile; fileRef = 0E1E20C61CBA88FE0032723A /* ZZFirstPageElement.m */; };
		0E25EACF1CF74655008D5CDD /* ZZProductListVC.m in Sources */ = {isa = PBXBuildFile; fileRef = 0E25EACE1CF74655008D5CDD /* ZZProductListVC.m */; };
		0E324B6B1CA8320700A4B39B /* main.m in Sources */ = {isa = PBXBuildFile; fileRef = 0E324B6A1CA8320700A4B39B /* main.m */; };
		0E324B761CA8320700A4B39B /* Assets.xcassets in Resources */ = {isa = PBXBuildFile; fileRef = 0E324B751CA8320700A4B39B /* Assets.xcassets */; };
		0E324B791CA8320700A4B39B /* LaunchScreen.storyboard in Resources */ = {isa = PBXBuildFile; fileRef = 0E324B771CA8320700A4B39B /* LaunchScreen.storyboard */; };
		0E324B841CA8320700A4B39B /* HalfSugarismTests.m in Sources */ = {isa = PBXBuildFile; fileRef = 0E324B831CA8320700A4B39B /* HalfSugarismTests.m */; };
		0E324B8F1CA8320700A4B39B /* HalfSugarismUITests.m in Sources */ = {isa = PBXBuildFile; fileRef = 0E324B8E1CA8320700A4B39B /* HalfSugarismUITests.m */; };
		0E3A653F1CC1CA8F00D7F836 /* ZZListPost.m in Sources */ = {isa = PBXBuildFile; fileRef = 0E3A653E1CC1CA8E00D7F836 /* ZZListPost.m */; };
		0E3A65421CC1CBA200D7F836 /* ZZListPostDynamic.m in Sources */ = {isa = PBXBuildFile; fileRef = 0E3A65411CC1CBA200D7F836 /* ZZListPostDynamic.m */; };
		0E3A65451CC1CCC100D7F836 /* ZZProduct.m in Sources */ = {isa = PBXBuildFile; fileRef = 0E3A65441CC1CCC100D7F836 /* ZZProduct.m */; };
		0E3A65481CC1CF1B00D7F836 /* ZZTag.m in Sources */ = {isa = PBXBuildFile; fileRef = 0E3A65471CC1CF1B00D7F836 /* ZZTag.m */; };
		0E3A654B1CC1CFAE00D7F836 /* ZZListPostPics.m in Sources */ = {isa = PBXBuildFile; fileRef = 0E3A654A1CC1CFAE00D7F836 /* ZZListPostPics.m */; };
		0E3A654E1CC1D65800D7F836 /* ZZTopicNewInfo.m in Sources */ = {isa = PBXBuildFile; fileRef = 0E3A654D1CC1D65800D7F836 /* ZZTopicNewInfo.m */; };
		0E47A0CB1CF988470081873F /* ZZTopicListVC.m in Sources */ = {isa = PBXBuildFile; fileRef = 0E47A0CA1CF988470081873F /* ZZTopicListVC.m */; };
		0E47A0CF1CF98C6A0081873F /* ZZWebViewVC.m in Sources */ = {isa = PBXBuildFile; fileRef = 0E47A0CE1CF98C6A0081873F /* ZZWebViewVC.m */; };
		0E47A0D31CF991AB0081873F /* ZZSubjectVC.m in Sources */ = {isa = PBXBuildFile; fileRef = 0E47A0D21CF991AB0081873F /* ZZSubjectVC.m */; };
		0E47A0D71CF9927D0081873F /* ZZSubscribeVC.m in Sources */ = {isa = PBXBuildFile; fileRef = 0E47A0D61CF9927D0081873F /* ZZSubscribeVC.m */; };
		0E6714F41CC32D210042A820 /* ZZSubscribeTag.m in Sources */ = {isa = PBXBuildFile; fileRef = 0E6714F31CC32D210042A820 /* ZZSubscribeTag.m */; };
		0E75E35D1CE703E000B5144E /* ZZPlusButton.m in Sources */ = {isa = PBXBuildFile; fileRef = 0E75E35C1CE703E000B5144E /* ZZPlusButton.m */; };
		0E75E3601CE703FD00B5144E /* ZZTabBar.m in Sources */ = {isa = PBXBuildFile; fileRef = 0E75E35F1CE703FD00B5144E /* ZZTabBar.m */; };
		0E75E3631CE7042E00B5144E /* ZZTabBarController.m in Sources */ = {isa = PBXBuildFile; fileRef = 0E75E3621CE7042E00B5144E /* ZZTabBarController.m */; };
		0E75E3681CE7063B00B5144E /* ZZLoginVC.m in Sources */ = {isa = PBXBuildFile; fileRef = 0E75E3661CE7063B00B5144E /* ZZLoginVC.m */; };
		0E75E3691CE7063B00B5144E /* ZZLoginVC.xib in Resources */ = {isa = PBXBuildFile; fileRef = 0E75E3671CE7063B00B5144E /* ZZLoginVC.xib */; };
		0EA99F4B1CCC6C0B006CD370 /* ZZDBHelper.m in Sources */ = {isa = PBXBuildFile; fileRef = 0EA99F4A1CCC6C0B006CD370 /* ZZDBHelper.m */; };
		0EC5336B1CB8A2E90053586F /* UIImageView+ZZExtension.m in Sources */ = {isa = PBXBuildFile; fileRef = 0EC5336A1CB8A2E90053586F /* UIImageView+ZZExtension.m */; };
		0EC8AC061CBD40E2009AC336 /* ZZSubjectRankAuthor.m in Sources */ = {isa = PBXBuildFile; fileRef = 0EC8AC051CBD40E2009AC336 /* ZZSubjectRankAuthor.m */; };
		0EDAC2671CC67DA10089FEA0 /* ZZDataBaseManager.m in Sources */ = {isa = PBXBuildFile; fileRef = 0EDAC2661CC67DA10089FEA0 /* ZZDataBaseManager.m */; };
		0EE4EABA1CBE8FB8003FD6C1 /* ZZBaseRequestParams.m in Sources */ = {isa = PBXBuildFile; fileRef = 0EE4EAB91CBE8FB8003FD6C1 /* ZZBaseRequestParams.m */; };
		0EE4EABD1CBE925C003FD6C1 /* ZZSubjectListPostParams.m in Sources */ = {isa = PBXBuildFile; fileRef = 0EE4EABC1CBE925C003FD6C1 /* ZZSubjectListPostParams.m */; };
		0EEAEBDB1CBBE9BC0008F86A /* Mask.png in Resources */ = {isa = PBXBuildFile; fileRef = 0EEAEBD61CBBE9BC0008F86A /* Mask.png */; };
		0EEAEBDC1CBBE9BC0008F86A /* PullToRefreshCoreTextView.m in Sources */ = {isa = PBXBuildFile; fileRef = 0EEAEBD81CBBE9BC0008F86A /* PullToRefreshCoreTextView.m */; };
		0EEAEBDD1CBBE9BC0008F86A /* UIScrollView+PullToRefreshCoreText.m in Sources */ = {isa = PBXBuildFile; fileRef = 0EEAEBDA1CBBE9BC0008F86A /* UIScrollView+PullToRefreshCoreText.m */; };
		0EEAEBE11CBBEBF10008F86A /* ZZHomePageManager.m in Sources */ = {isa = PBXBuildFile; fileRef = 0EEAEBE01CBBEBF10008F86A /* ZZHomePageManager.m */; };
		0EEAEBE41CBBEE100008F86A /* ZZCommunitySubject.m in Sources */ = {isa = PBXBuildFile; fileRef = 0EEAEBE31CBBEE100008F86A /* ZZCommunitySubject.m */; };
		0EEAEBE71CBBEE500008F86A /* ZZSubjectDynamic.m in Sources */ = {isa = PBXBuildFile; fileRef = 0EEAEBE61CBBEE500008F86A /* ZZSubjectDynamic.m */; };
		0EEAEBEA1CBBEE650008F86A /* ZZSubjectAuthor.m in Sources */ = {isa = PBXBuildFile; fileRef = 0EEAEBE91CBBEE650008F86A /* ZZSubjectAuthor.m */; };
		0EF66DEF1CB7F65900C67A38 /* ZZEntryListCell.m in Sources */ = {isa = PBXBuildFile; fileRef = 0EF66DEE1CB7F65900C67A38 /* ZZEntryListCell.m */; };
		0EF66DF21CB7F6B000C67A38 /* ZZEntryList.m in Sources */ = {isa = PBXBuildFile; fileRef = 0EF66DF11CB7F6B000C67A38 /* ZZEntryList.m */; };
		0EFBC38B1CB69D3800C4E8DA /* AppDelegate.m in Sources */ = {isa = PBXBuildFile; fileRef = 0EFBC3891CB69D3800C4E8DA /* AppDelegate.m */; };
		0EFBC3901CB69DB200C4E8DA /* ZZHomeVC.m in Sources */ = {isa = PBXBuildFile; fileRef = 0EFBC38F1CB69DB200C4E8DA /* ZZHomeVC.m */; };
		0EFBC3961CB6A01000C4E8DA /* ZZHomePageHeaderView.m in Sources */ = {isa = PBXBuildFile; fileRef = 0EFBC3951CB6A01000C4E8DA /* ZZHomePageHeaderView.m */; };
		0EFBC39A1CB6A8DB00C4E8DA /* ZZHomeBanner.m in Sources */ = {isa = PBXBuildFile; fileRef = 0EFBC3991CB6A8DB00C4E8DA /* ZZHomeBanner.m */; };
		50ED2E9018040A87C16DDD4B /* libPods.a in Frameworks */ = {isa = PBXBuildFile; fileRef = E4406CEBC25C0ACD529CEE37 /* libPods.a */; };
		E6037C2A1CA8CB7900B3BED0 /* ZZTabbarControllerConfig.m in Sources */ = {isa = PBXBuildFile; fileRef = E6037C291CA8CB7900B3BED0 /* ZZTabbarControllerConfig.m */; };
		E6037C381CA90BA300B3BED0 /* ZZPlusButtonSubClass.m in Sources */ = {isa = PBXBuildFile; fileRef = E6037C371CA90BA300B3BED0 /* ZZPlusButtonSubClass.m */; };
		E69058D71CE5AF4600F4924E /* ZZHomePushTransitionVC.m in Sources */ = {isa = PBXBuildFile; fileRef = E69058D61CE5AF4600F4924E /* ZZHomePushTransitionVC.m */; };
		E69058DB1CE5B06B00F4924E /* RMPZoomTransitionAnimator.m in Sources */ = {isa = PBXBuildFile; fileRef = E69058DA1CE5B06B00F4924E /* RMPZoomTransitionAnimator.m */; };
		E69058DE1CE5B09D00F4924E /* ZZNavigationController.m in Sources */ = {isa = PBXBuildFile; fileRef = E69058DD1CE5B09D00F4924E /* ZZNavigationController.m */; };
		E69058E31CE5B88C00F4924E /* ZZHomeTopicCell.m in Sources */ = {isa = PBXBuildFile; fileRef = E69058E21CE5B88C00F4924E /* ZZHomeTopicCell.m */; };
		E69058E71CE5C96000F4924E /* ZZCommunityVC.m in Sources */ = {isa = PBXBuildFile; fileRef = E69058E61CE5C96000F4924E /* ZZCommunityVC.m */; };
		E69058EB1CE5C9A500F4924E /* ZZMessageVC.m in Sources */ = {isa = PBXBuildFile; fileRef = E69058EA1CE5C9A500F4924E /* ZZMessageVC.m */; };
		E69058EF1CE5C9D500F4924E /* ZZProfileVC.m in Sources */ = {isa = PBXBuildFile; fileRef = E69058EE1CE5C9D500F4924E /* ZZProfileVC.m */; };
		E6D26D621CBB4C6F00C4A74F /* ZZLoadingView.m in Sources */ = {isa = PBXBuildFile; fileRef = E6D26D611CBB4C6F00C4A74F /* ZZLoadingView.m */; };
		E6D26D651CBB8F0F00C4A74F /* ZZPageLoadFooterView.m in Sources */ = {isa = PBXBuildFile; fileRef = E6D26D641CBB8F0F00C4A74F /* ZZPageLoadFooterView.m */; };
		E6D26D691CBB9D9900C4A74F /* UINavigationBar+Awesome.m in Sources */ = {isa = PBXBuildFile; fileRef = E6D26D681CBB9D9900C4A74F /* UINavigationBar+Awesome.m */; };
		E6EEF2961CAA1F6800855540 /* ZZPhotoGroupCell.m in Sources */ = {isa = PBXBuildFile; fileRef = E6EEF2951CAA1F6800855540 /* ZZPhotoGroupCell.m */; };
		E6EEF2991CAA54CE00855540 /* ZZPhotoGroupView.m in Sources */ = {isa = PBXBuildFile; fileRef = E6EEF2981CAA54CE00855540 /* ZZPhotoGroupView.m */; };
		E6EEF29F1CAA659700855540 /* ZZPhotoGroupViewController.m in Sources */ = {isa = PBXBuildFile; fileRef = E6EEF29E1CAA659700855540 /* ZZPhotoGroupViewController.m */; };
		E6EEF2A21CAA6E9B00855540 /* ZZPhotoListView.m in Sources */ = {isa = PBXBuildFile; fileRef = E6EEF2A11CAA6E9B00855540 /* ZZPhotoListView.m */; };
		E6EEF2A51CAA6ECB00855540 /* ZZPhotoListViewCell.m in Sources */ = {isa = PBXBuildFile; fileRef = E6EEF2A41CAA6ECB00855540 /* ZZPhotoListViewCell.m */; };
		E6EEF2A81CAA75B400855540 /* ZZTapAssetView.m in Sources */ = {isa = PBXBuildFile; fileRef = E6EEF2A71CAA75B400855540 /* ZZTapAssetView.m */; };
/* End PBXBuildFile section */

/* Begin PBXContainerItemProxy section */
		0E324B801CA8320700A4B39B /* PBXContainerItemProxy */ = {
			isa = PBXContainerItemProxy;
			containerPortal = 0E324B5E1CA8320700A4B39B /* Project object */;
			proxyType = 1;
			remoteGlobalIDString = 0E324B651CA8320700A4B39B;
			remoteInfo = HalfSugarism;
		};
		0E324B8B1CA8320700A4B39B /* PBXContainerItemProxy */ = {
			isa = PBXContainerItemProxy;
			containerPortal = 0E324B5E1CA8320700A4B39B /* Project object */;
			proxyType = 1;
			remoteGlobalIDString = 0E324B651CA8320700A4B39B;
			remoteInfo = HalfSugarism;
		};
/* End PBXContainerItemProxy section */

/* Begin PBXFileReference section */
		07284B80213411EA71E53478 /* Pods.release.xcconfig */ = {isa = PBXFileReference; includeInIndex = 1; lastKnownFileType = text.xcconfig; name = Pods.release.xcconfig; path = "Pods/Target Support Files/Pods/Pods.release.xcconfig"; sourceTree = "<group>"; };
		0E1ABACB1CF5F62E00960224 /* BoPhotoGroupCell.h */ = {isa = PBXFileReference; fileEncoding = 4; lastKnownFileType = sourcecode.c.h; path = BoPhotoGroupCell.h; sourceTree = "<group>"; };
		0E1ABACC1CF5F62E00960224 /* BoPhotoGroupCell.m */ = {isa = PBXFileReference; fileEncoding = 4; lastKnownFileType = sourcecode.c.objc; path = BoPhotoGroupCell.m; sourceTree = "<group>"; };
		0E1ABACD1CF5F62E00960224 /* BoPhotoGroupView.h */ = {isa = PBXFileReference; fileEncoding = 4; lastKnownFileType = sourcecode.c.h; path = BoPhotoGroupView.h; sourceTree = "<group>"; };
		0E1ABACE1CF5F62E00960224 /* BoPhotoGroupView.m */ = {isa = PBXFileReference; fileEncoding = 4; lastKnownFileType = sourcecode.c.objc; path = BoPhotoGroupView.m; sourceTree = "<group>"; };
		0E1ABACF1CF5F62E00960224 /* BoPhotoListCell.h */ = {isa = PBXFileReference; fileEncoding = 4; lastKnownFileType = sourcecode.c.h; path = BoPhotoListCell.h; sourceTree = "<group>"; };
		0E1ABAD01CF5F62E00960224 /* BoPhotoListCell.m */ = {isa = PBXFileReference; fileEncoding = 4; lastKnownFileType = sourcecode.c.objc; path = BoPhotoListCell.m; sourceTree = "<group>"; };
		0E1ABAD11CF5F62E00960224 /* BoPhotoListView.h */ = {isa = PBXFileReference; fileEncoding = 4; lastKnownFileType = sourcecode.c.h; path = BoPhotoListView.h; sourceTree = "<group>"; };
		0E1ABAD21CF5F62E00960224 /* BoPhotoListView.m */ = {isa = PBXFileReference; fileEncoding = 4; lastKnownFileType = sourcecode.c.objc; path = BoPhotoListView.m; sourceTree = "<group>"; };
		0E1ABAD31CF5F62E00960224 /* BoPhotoPicker.bundle */ = {isa = PBXFileReference; lastKnownFileType = "wrapper.plug-in"; path = BoPhotoPicker.bundle; sourceTree = "<group>"; };
		0E1ABAD41CF5F62E00960224 /* BoPhotoPickerViewController.h */ = {isa = PBXFileReference; fileEncoding = 4; lastKnownFileType = sourcecode.c.h; path = BoPhotoPickerViewController.h; sourceTree = "<group>"; };
		0E1ABAD51CF5F62E00960224 /* BoPhotoPickerViewController.m */ = {isa = PBXFileReference; fileEncoding = 4; lastKnownFileType = sourcecode.c.objc; path = BoPhotoPickerViewController.m; sourceTree = "<group>"; };
		0E1ABAD61CF5F62E00960224 /* BoTapAssetView.h */ = {isa = PBXFileReference; fileEncoding = 4; lastKnownFileType = sourcecode.c.h; path = BoTapAssetView.h; sourceTree = "<group>"; };
		0E1ABAD71CF5F62E00960224 /* BoTapAssetView.m */ = {isa = PBXFileReference; fileEncoding = 4; lastKnownFileType = sourcecode.c.objc; path = BoTapAssetView.m; sourceTree = "<group>"; };
		0E1E20B91CBA5C5E0032723A /* ZZNoHLButton.h */ = {isa = PBXFileReference; fileEncoding = 4; lastKnownFileType = sourcecode.c.h; path = ZZNoHLButton.h; sourceTree = "<group>"; };
		0E1E20BA1CBA5C5E0032723A /* ZZNoHLButton.m */ = {isa = PBXFileReference; fileEncoding = 4; lastKnownFileType = sourcecode.c.objc; path = ZZNoHLButton.m; sourceTree = "<group>"; };
		0E1E20BC1CBA76030032723A /* ZZHomePageData.h */ = {isa = PBXFileReference; fileEncoding = 4; lastKnownFileType = sourcecode.c.h; path = ZZHomePageData.h; sourceTree = "<group>"; };
		0E1E20BD1CBA76030032723A /* ZZHomePageData.m */ = {isa = PBXFileReference; fileEncoding = 4; lastKnownFileType = sourcecode.c.objc; path = ZZHomePageData.m; sourceTree = "<group>"; };
		0E1E20BF1CBA84580032723A /* ZZHomeTopic.h */ = {isa = PBXFileReference; fileEncoding = 4; lastKnownFileType = sourcecode.c.h; path = ZZHomeTopic.h; sourceTree = "<group>"; };
		0E1E20C01CBA84580032723A /* ZZHomeTopic.m */ = {isa = PBXFileReference; fileEncoding = 4; lastKnownFileType = sourcecode.c.objc; path = ZZHomeTopic.m; sourceTree = "<group>"; };
		0E1E20C21CBA88190032723A /* ZZCategoryElement.h */ = {isa = PBXFileReference; fileEncoding = 4; lastKnownFileType = sourcecode.c.h; path = ZZCategoryElement.h; sourceTree = "<group>"; };
		0E1E20C31CBA88190032723A /* ZZCategoryElement.m */ = {isa = PBXFileReference; fileEncoding = 4; lastKnownFileType = sourcecode.c.objc; path = ZZCategoryElement.m; sourceTree = "<group>"; };
		0E1E20C51CBA88FE0032723A /* ZZFirstPageElement.h */ = {isa = PBXFileReference; fileEncoding = 4; lastKnownFileType = sourcecode.c.h; path = ZZFirstPageElement.h; sourceTree = "<group>"; };
		0E1E20C61CBA88FE0032723A /* ZZFirstPageElement.m */ = {isa = PBXFileReference; fileEncoding = 4; lastKnownFileType = sourcecode.c.objc; path = ZZFirstPageElement.m; sourceTree = "<group>"; };
		0E25EACD1CF74655008D5CDD /* ZZProductListVC.h */ = {isa = PBXFileReference; fileEncoding = 4; lastKnownFileType = sourcecode.c.h; path = ZZProductListVC.h; sourceTree = "<group>"; };
		0E25EACE1CF74655008D5CDD /* ZZProductListVC.m */ = {isa = PBXFileReference; fileEncoding = 4; lastKnownFileType = sourcecode.c.objc; path = ZZProductListVC.m; sourceTree = "<group>"; };
		0E324B661CA8320700A4B39B /* HalfSugarism.app */ = {isa = PBXFileReference; explicitFileType = wrapper.application; includeInIndex = 0; path = HalfSugarism.app; sourceTree = BUILT_PRODUCTS_DIR; };
		0E324B6A1CA8320700A4B39B /* main.m */ = {isa = PBXFileReference; lastKnownFileType = sourcecode.c.objc; path = main.m; sourceTree = "<group>"; };
		0E324B751CA8320700A4B39B /* Assets.xcassets */ = {isa = PBXFileReference; lastKnownFileType = folder.assetcatalog; path = Assets.xcassets; sourceTree = "<group>"; };
		0E324B781CA8320700A4B39B /* Base */ = {isa = PBXFileReference; lastKnownFileType = file.storyboard; name = Base; path = Base.lproj/LaunchScreen.storyboard; sourceTree = "<group>"; };
		0E324B7A1CA8320700A4B39B /* Info.plist */ = {isa = PBXFileReference; lastKnownFileType = text.plist.xml; path = Info.plist; sourceTree = "<group>"; };
		0E324B7F1CA8320700A4B39B /* HalfSugarismTests.xctest */ = {isa = PBXFileReference; explicitFileType = wrapper.cfbundle; includeInIndex = 0; path = HalfSugarismTests.xctest; sourceTree = BUILT_PRODUCTS_DIR; };
		0E324B831CA8320700A4B39B /* HalfSugarismTests.m */ = {isa = PBXFileReference; lastKnownFileType = sourcecode.c.objc; path = HalfSugarismTests.m; sourceTree = "<group>"; };
		0E324B851CA8320700A4B39B /* Info.plist */ = {isa = PBXFileReference; lastKnownFileType = text.plist.xml; path = Info.plist; sourceTree = "<group>"; };
		0E324B8A1CA8320700A4B39B /* HalfSugarismUITests.xctest */ = {isa = PBXFileReference; explicitFileType = wrapper.cfbundle; includeInIndex = 0; path = HalfSugarismUITests.xctest; sourceTree = BUILT_PRODUCTS_DIR; };
		0E324B8E1CA8320700A4B39B /* HalfSugarismUITests.m */ = {isa = PBXFileReference; lastKnownFileType = sourcecode.c.objc; path = HalfSugarismUITests.m; sourceTree = "<group>"; };
		0E324B901CA8320700A4B39B /* Info.plist */ = {isa = PBXFileReference; lastKnownFileType = text.plist.xml; path = Info.plist; sourceTree = "<group>"; };
		0E3A653D1CC1CA8E00D7F836 /* ZZListPost.h */ = {isa = PBXFileReference; fileEncoding = 4; lastKnownFileType = sourcecode.c.h; path = ZZListPost.h; sourceTree = "<group>"; };
		0E3A653E1CC1CA8E00D7F836 /* ZZListPost.m */ = {isa = PBXFileReference; fileEncoding = 4; lastKnownFileType = sourcecode.c.objc; path = ZZListPost.m; sourceTree = "<group>"; };
		0E3A65401CC1CBA200D7F836 /* ZZListPostDynamic.h */ = {isa = PBXFileReference; fileEncoding = 4; lastKnownFileType = sourcecode.c.h; path = ZZListPostDynamic.h; sourceTree = "<group>"; };
		0E3A65411CC1CBA200D7F836 /* ZZListPostDynamic.m */ = {isa = PBXFileReference; fileEncoding = 4; lastKnownFileType = sourcecode.c.objc; path = ZZListPostDynamic.m; sourceTree = "<group>"; };
		0E3A65431CC1CCC100D7F836 /* ZZProduct.h */ = {isa = PBXFileReference; fileEncoding = 4; lastKnownFileType = sourcecode.c.h; path = ZZProduct.h; sourceTree = "<group>"; };
		0E3A65441CC1CCC100D7F836 /* ZZProduct.m */ = {isa = PBXFileReference; fileEncoding = 4; lastKnownFileType = sourcecode.c.objc; path = ZZProduct.m; sourceTree = "<group>"; };
		0E3A65461CC1CF1B00D7F836 /* ZZTag.h */ = {isa = PBXFileReference; fileEncoding = 4; lastKnownFileType = sourcecode.c.h; path = ZZTag.h; sourceTree = "<group>"; };
		0E3A65471CC1CF1B00D7F836 /* ZZTag.m */ = {isa = PBXFileReference; fileEncoding = 4; lastKnownFileType = sourcecode.c.objc; path = ZZTag.m; sourceTree = "<group>"; };
		0E3A65491CC1CFAE00D7F836 /* ZZListPostPics.h */ = {isa = PBXFileReference; fileEncoding = 4; lastKnownFileType = sourcecode.c.h; path = ZZListPostPics.h; sourceTree = "<group>"; };
		0E3A654A1CC1CFAE00D7F836 /* ZZListPostPics.m */ = {isa = PBXFileReference; fileEncoding = 4; lastKnownFileType = sourcecode.c.objc; path = ZZListPostPics.m; sourceTree = "<group>"; };
		0E3A654C1CC1D65800D7F836 /* ZZTopicNewInfo.h */ = {isa = PBXFileReference; fileEncoding = 4; lastKnownFileType = sourcecode.c.h; path = ZZTopicNewInfo.h; sourceTree = "<group>"; };
		0E3A654D1CC1D65800D7F836 /* ZZTopicNewInfo.m */ = {isa = PBXFileReference; fileEncoding = 4; lastKnownFileType = sourcecode.c.objc; path = ZZTopicNewInfo.m; sourceTree = "<group>"; };
		0E47A0C91CF988470081873F /* ZZTopicListVC.h */ = {isa = PBXFileReference; fileEncoding = 4; lastKnownFileType = sourcecode.c.h; path = ZZTopicListVC.h; sourceTree = "<group>"; };
		0E47A0CA1CF988470081873F /* ZZTopicListVC.m */ = {isa = PBXFileReference; fileEncoding = 4; lastKnownFileType = sourcecode.c.objc; path = ZZTopicListVC.m; sourceTree = "<group>"; };
		0E47A0CD1CF98C6A0081873F /* ZZWebViewVC.h */ = {isa = PBXFileReference; fileEncoding = 4; lastKnownFileType = sourcecode.c.h; path = ZZWebViewVC.h; sourceTree = "<group>"; };
		0E47A0CE1CF98C6A0081873F /* ZZWebViewVC.m */ = {isa = PBXFileReference; fileEncoding = 4; lastKnownFileType = sourcecode.c.objc; path = ZZWebViewVC.m; sourceTree = "<group>"; };
		0E47A0D11CF991AB0081873F /* ZZSubjectVC.h */ = {isa = PBXFileReference; fileEncoding = 4; lastKnownFileType = sourcecode.c.h; path = ZZSubjectVC.h; sourceTree = "<group>"; };
		0E47A0D21CF991AB0081873F /* ZZSubjectVC.m */ = {isa = PBXFileReference; fileEncoding = 4; lastKnownFileType = sourcecode.c.objc; path = ZZSubjectVC.m; sourceTree = "<group>"; };
		0E47A0D51CF9927D0081873F /* ZZSubscribeVC.h */ = {isa = PBXFileReference; fileEncoding = 4; lastKnownFileType = sourcecode.c.h; path = ZZSubscribeVC.h; sourceTree = "<group>"; };
		0E47A0D61CF9927D0081873F /* ZZSubscribeVC.m */ = {isa = PBXFileReference; fileEncoding = 4; lastKnownFileType = sourcecode.c.objc; path = ZZSubscribeVC.m; sourceTree = "<group>"; };
		0E5C91431CAAC86B00E41A34 /* Constant.h */ = {isa = PBXFileReference; lastKnownFileType = sourcecode.c.h; path = Constant.h; sourceTree = "<group>"; };
		0E6714F21CC32D210042A820 /* ZZSubscribeTag.h */ = {isa = PBXFileReference; fileEncoding = 4; lastKnownFileType = sourcecode.c.h; path = ZZSubscribeTag.h; sourceTree = "<group>"; };
		0E6714F31CC32D210042A820 /* ZZSubscribeTag.m */ = {isa = PBXFileReference; fileEncoding = 4; lastKnownFileType = sourcecode.c.objc; path = ZZSubscribeTag.m; sourceTree = "<group>"; };
		0E75E35B1CE703E000B5144E /* ZZPlusButton.h */ = {isa = PBXFileReference; fileEncoding = 4; lastKnownFileType = sourcecode.c.h; path = ZZPlusButton.h; sourceTree = "<group>"; };
		0E75E35C1CE703E000B5144E /* ZZPlusButton.m */ = {isa = PBXFileReference; fileEncoding = 4; lastKnownFileType = sourcecode.c.objc; path = ZZPlusButton.m; sourceTree = "<group>"; };
		0E75E35E1CE703FD00B5144E /* ZZTabBar.h */ = {isa = PBXFileReference; fileEncoding = 4; lastKnownFileType = sourcecode.c.h; path = ZZTabBar.h; sourceTree = "<group>"; };
		0E75E35F1CE703FD00B5144E /* ZZTabBar.m */ = {isa = PBXFileReference; fileEncoding = 4; lastKnownFileType = sourcecode.c.objc; path = ZZTabBar.m; sourceTree = "<group>"; };
		0E75E3611CE7042E00B5144E /* ZZTabBarController.h */ = {isa = PBXFileReference; fileEncoding = 4; lastKnownFileType = sourcecode.c.h; path = ZZTabBarController.h; sourceTree = "<group>"; };
		0E75E3621CE7042E00B5144E /* ZZTabBarController.m */ = {isa = PBXFileReference; fileEncoding = 4; lastKnownFileType = sourcecode.c.objc; path = ZZTabBarController.m; sourceTree = "<group>"; };
		0E75E3651CE7063B00B5144E /* ZZLoginVC.h */ = {isa = PBXFileReference; fileEncoding = 4; lastKnownFileType = sourcecode.c.h; path = ZZLoginVC.h; sourceTree = "<group>"; };
		0E75E3661CE7063B00B5144E /* ZZLoginVC.m */ = {isa = PBXFileReference; fileEncoding = 4; lastKnownFileType = sourcecode.c.objc; path = ZZLoginVC.m; sourceTree = "<group>"; };
		0E75E3671CE7063B00B5144E /* ZZLoginVC.xib */ = {isa = PBXFileReference; fileEncoding = 4; lastKnownFileType = file.xib; path = ZZLoginVC.xib; sourceTree = "<group>"; };
		0EA99F491CCC6C0B006CD370 /* ZZDBHelper.h */ = {isa = PBXFileReference; fileEncoding = 4; lastKnownFileType = sourcecode.c.h; path = ZZDBHelper.h; sourceTree = "<group>"; };
		0EA99F4A1CCC6C0B006CD370 /* ZZDBHelper.m */ = {isa = PBXFileReference; fileEncoding = 4; lastKnownFileType = sourcecode.c.objc; path = ZZDBHelper.m; sourceTree = "<group>"; };
		0EC533691CB8A2E90053586F /* UIImageView+ZZExtension.h */ = {isa = PBXFileReference; fileEncoding = 4; lastKnownFileType = sourcecode.c.h; path = "UIImageView+ZZExtension.h"; sourceTree = "<group>"; };
		0EC5336A1CB8A2E90053586F /* UIImageView+ZZExtension.m */ = {isa = PBXFileReference; fileEncoding = 4; lastKnownFileType = sourcecode.c.objc; path = "UIImageView+ZZExtension.m"; sourceTree = "<group>"; };
		0EC8AC041CBD40E2009AC336 /* ZZSubjectRankAuthor.h */ = {isa = PBXFileReference; fileEncoding = 4; lastKnownFileType = sourcecode.c.h; path = ZZSubjectRankAuthor.h; sourceTree = "<group>"; };
		0EC8AC051CBD40E2009AC336 /* ZZSubjectRankAuthor.m */ = {isa = PBXFileReference; fileEncoding = 4; lastKnownFileType = sourcecode.c.objc; path = ZZSubjectRankAuthor.m; sourceTree = "<group>"; };
		0EDAC2651CC67DA10089FEA0 /* ZZDataBaseManager.h */ = {isa = PBXFileReference; fileEncoding = 4; lastKnownFileType = sourcecode.c.h; path = ZZDataBaseManager.h; sourceTree = "<group>"; };
		0EDAC2661CC67DA10089FEA0 /* ZZDataBaseManager.m */ = {isa = PBXFileReference; fileEncoding = 4; lastKnownFileType = sourcecode.c.objc; path = ZZDataBaseManager.m; sourceTree = "<group>"; };
		0EE4EAB81CBE8FB8003FD6C1 /* ZZBaseRequestParams.h */ = {isa = PBXFileReference; fileEncoding = 4; lastKnownFileType = sourcecode.c.h; path = ZZBaseRequestParams.h; sourceTree = "<group>"; };
		0EE4EAB91CBE8FB8003FD6C1 /* ZZBaseRequestParams.m */ = {isa = PBXFileReference; fileEncoding = 4; lastKnownFileType = sourcecode.c.objc; path = ZZBaseRequestParams.m; sourceTree = "<group>"; };
		0EE4EABB1CBE925C003FD6C1 /* ZZSubjectListPostParams.h */ = {isa = PBXFileReference; fileEncoding = 4; lastKnownFileType = sourcecode.c.h; path = ZZSubjectListPostParams.h; sourceTree = "<group>"; };
		0EE4EABC1CBE925C003FD6C1 /* ZZSubjectListPostParams.m */ = {isa = PBXFileReference; fileEncoding = 4; lastKnownFileType = sourcecode.c.objc; path = ZZSubjectListPostParams.m; sourceTree = "<group>"; };
		0EEAEBD61CBBE9BC0008F86A /* Mask.png */ = {isa = PBXFileReference; lastKnownFileType = image.png; path = Mask.png; sourceTree = "<group>"; };
		0EEAEBD71CBBE9BC0008F86A /* PullToRefreshCoreTextView.h */ = {isa = PBXFileReference; fileEncoding = 4; lastKnownFileType = sourcecode.c.h; path = PullToRefreshCoreTextView.h; sourceTree = "<group>"; };
		0EEAEBD81CBBE9BC0008F86A /* PullToRefreshCoreTextView.m */ = {isa = PBXFileReference; fileEncoding = 4; lastKnownFileType = sourcecode.c.objc; path = PullToRefreshCoreTextView.m; sourceTree = "<group>"; };
		0EEAEBD91CBBE9BC0008F86A /* UIScrollView+PullToRefreshCoreText.h */ = {isa = PBXFileReference; fileEncoding = 4; lastKnownFileType = sourcecode.c.h; path = "UIScrollView+PullToRefreshCoreText.h"; sourceTree = "<group>"; };
		0EEAEBDA1CBBE9BC0008F86A /* UIScrollView+PullToRefreshCoreText.m */ = {isa = PBXFileReference; fileEncoding = 4; lastKnownFileType = sourcecode.c.objc; path = "UIScrollView+PullToRefreshCoreText.m"; sourceTree = "<group>"; };
		0EEAEBDF1CBBEBF10008F86A /* ZZHomePageManager.h */ = {isa = PBXFileReference; fileEncoding = 4; lastKnownFileType = sourcecode.c.h; path = ZZHomePageManager.h; sourceTree = "<group>"; };
		0EEAEBE01CBBEBF10008F86A /* ZZHomePageManager.m */ = {isa = PBXFileReference; fileEncoding = 4; lastKnownFileType = sourcecode.c.objc; path = ZZHomePageManager.m; sourceTree = "<group>"; };
		0EEAEBE21CBBEE100008F86A /* ZZCommunitySubject.h */ = {isa = PBXFileReference; fileEncoding = 4; lastKnownFileType = sourcecode.c.h; path = ZZCommunitySubject.h; sourceTree = "<group>"; };
		0EEAEBE31CBBEE100008F86A /* ZZCommunitySubject.m */ = {isa = PBXFileReference; fileEncoding = 4; lastKnownFileType = sourcecode.c.objc; path = ZZCommunitySubject.m; sourceTree = "<group>"; };
		0EEAEBE51CBBEE500008F86A /* ZZSubjectDynamic.h */ = {isa = PBXFileReference; fileEncoding = 4; lastKnownFileType = sourcecode.c.h; path = ZZSubjectDynamic.h; sourceTree = "<group>"; };
		0EEAEBE61CBBEE500008F86A /* ZZSubjectDynamic.m */ = {isa = PBXFileReference; fileEncoding = 4; lastKnownFileType = sourcecode.c.objc; path = ZZSubjectDynamic.m; sourceTree = "<group>"; };
		0EEAEBE81CBBEE650008F86A /* ZZSubjectAuthor.h */ = {isa = PBXFileReference; fileEncoding = 4; lastKnownFileType = sourcecode.c.h; path = ZZSubjectAuthor.h; sourceTree = "<group>"; };
		0EEAEBE91CBBEE650008F86A /* ZZSubjectAuthor.m */ = {isa = PBXFileReference; fileEncoding = 4; lastKnownFileType = sourcecode.c.objc; path = ZZSubjectAuthor.m; sourceTree = "<group>"; };
		0EF66DED1CB7F65900C67A38 /* ZZEntryListCell.h */ = {isa = PBXFileReference; fileEncoding = 4; lastKnownFileType = sourcecode.c.h; path = ZZEntryListCell.h; sourceTree = "<group>"; };
		0EF66DEE1CB7F65900C67A38 /* ZZEntryListCell.m */ = {isa = PBXFileReference; fileEncoding = 4; lastKnownFileType = sourcecode.c.objc; path = ZZEntryListCell.m; sourceTree = "<group>"; };
		0EF66DF01CB7F6B000C67A38 /* ZZEntryList.h */ = {isa = PBXFileReference; fileEncoding = 4; lastKnownFileType = sourcecode.c.h; path = ZZEntryList.h; sourceTree = "<group>"; };
		0EF66DF11CB7F6B000C67A38 /* ZZEntryList.m */ = {isa = PBXFileReference; fileEncoding = 4; lastKnownFileType = sourcecode.c.objc; path = ZZEntryList.m; sourceTree = "<group>"; };
		0EFBC3891CB69D3800C4E8DA /* AppDelegate.m */ = {isa = PBXFileReference; fileEncoding = 4; lastKnownFileType = sourcecode.c.objc; path = AppDelegate.m; sourceTree = "<group>"; };
		0EFBC38A1CB69D3800C4E8DA /* AppDelegate.h */ = {isa = PBXFileReference; fileEncoding = 4; lastKnownFileType = sourcecode.c.h; path = AppDelegate.h; sourceTree = "<group>"; };
		0EFBC38E1CB69DB200C4E8DA /* ZZHomeVC.h */ = {isa = PBXFileReference; fileEncoding = 4; lastKnownFileType = sourcecode.c.h; path = ZZHomeVC.h; sourceTree = "<group>"; };
		0EFBC38F1CB69DB200C4E8DA /* ZZHomeVC.m */ = {isa = PBXFileReference; fileEncoding = 4; lastKnownFileType = sourcecode.c.objc; path = ZZHomeVC.m; sourceTree = "<group>"; };
		0EFBC3941CB6A01000C4E8DA /* ZZHomePageHeaderView.h */ = {isa = PBXFileReference; fileEncoding = 4; lastKnownFileType = sourcecode.c.h; path = ZZHomePageHeaderView.h; sourceTree = "<group>"; };
		0EFBC3951CB6A01000C4E8DA /* ZZHomePageHeaderView.m */ = {isa = PBXFileReference; fileEncoding = 4; lastKnownFileType = sourcecode.c.objc; path = ZZHomePageHeaderView.m; sourceTree = "<group>"; };
		0EFBC3981CB6A8DB00C4E8DA /* ZZHomeBanner.h */ = {isa = PBXFileReference; fileEncoding = 4; lastKnownFileType = sourcecode.c.h; path = ZZHomeBanner.h; sourceTree = "<group>"; };
		0EFBC3991CB6A8DB00C4E8DA /* ZZHomeBanner.m */ = {isa = PBXFileReference; fileEncoding = 4; lastKnownFileType = sourcecode.c.objc; path = ZZHomeBanner.m; sourceTree = "<group>"; };
		5C1E854674F250F0D8F8799C /* Pods.debug.xcconfig */ = {isa = PBXFileReference; includeInIndex = 1; lastKnownFileType = text.xcconfig; name = Pods.debug.xcconfig; path = "Pods/Target Support Files/Pods/Pods.debug.xcconfig"; sourceTree = "<group>"; };
		E4406CEBC25C0ACD529CEE37 /* libPods.a */ = {isa = PBXFileReference; explicitFileType = archive.ar; includeInIndex = 0; path = libPods.a; sourceTree = BUILT_PRODUCTS_DIR; };
		E6037C281CA8CB7900B3BED0 /* ZZTabbarControllerConfig.h */ = {isa = PBXFileReference; fileEncoding = 4; lastKnownFileType = sourcecode.c.h; path = ZZTabbarControllerConfig.h; sourceTree = "<group>"; };
		E6037C291CA8CB7900B3BED0 /* ZZTabbarControllerConfig.m */ = {isa = PBXFileReference; fileEncoding = 4; lastKnownFileType = sourcecode.c.objc; path = ZZTabbarControllerConfig.m; sourceTree = "<group>"; };
		E6037C361CA90BA300B3BED0 /* ZZPlusButtonSubClass.h */ = {isa = PBXFileReference; fileEncoding = 4; lastKnownFileType = sourcecode.c.h; path = ZZPlusButtonSubClass.h; sourceTree = "<group>"; };
		E6037C371CA90BA300B3BED0 /* ZZPlusButtonSubClass.m */ = {isa = PBXFileReference; fileEncoding = 4; lastKnownFileType = sourcecode.c.objc; path = ZZPlusButtonSubClass.m; sourceTree = "<group>"; };
		E69058D51CE5AF4600F4924E /* ZZHomePushTransitionVC.h */ = {isa = PBXFileReference; fileEncoding = 4; lastKnownFileType = sourcecode.c.h; path = ZZHomePushTransitionVC.h; sourceTree = "<group>"; };
		E69058D61CE5AF4600F4924E /* ZZHomePushTransitionVC.m */ = {isa = PBXFileReference; fileEncoding = 4; lastKnownFileType = sourcecode.c.objc; path = ZZHomePushTransitionVC.m; sourceTree = "<group>"; };
		E69058D91CE5B06B00F4924E /* RMPZoomTransitionAnimator.h */ = {isa = PBXFileReference; fileEncoding = 4; lastKnownFileType = sourcecode.c.h; path = RMPZoomTransitionAnimator.h; sourceTree = "<group>"; };
		E69058DA1CE5B06B00F4924E /* RMPZoomTransitionAnimator.m */ = {isa = PBXFileReference; fileEncoding = 4; lastKnownFileType = sourcecode.c.objc; path = RMPZoomTransitionAnimator.m; sourceTree = "<group>"; };
		E69058DC1CE5B09D00F4924E /* ZZNavigationController.h */ = {isa = PBXFileReference; fileEncoding = 4; lastKnownFileType = sourcecode.c.h; path = ZZNavigationController.h; sourceTree = "<group>"; };
		E69058DD1CE5B09D00F4924E /* ZZNavigationController.m */ = {isa = PBXFileReference; fileEncoding = 4; lastKnownFileType = sourcecode.c.objc; path = ZZNavigationController.m; sourceTree = "<group>"; };
		E69058E11CE5B88C00F4924E /* ZZHomeTopicCell.h */ = {isa = PBXFileReference; fileEncoding = 4; lastKnownFileType = sourcecode.c.h; path = ZZHomeTopicCell.h; sourceTree = "<group>"; };
		E69058E21CE5B88C00F4924E /* ZZHomeTopicCell.m */ = {isa = PBXFileReference; fileEncoding = 4; lastKnownFileType = sourcecode.c.objc; path = ZZHomeTopicCell.m; sourceTree = "<group>"; };
		E69058E51CE5C96000F4924E /* ZZCommunityVC.h */ = {isa = PBXFileReference; fileEncoding = 4; lastKnownFileType = sourcecode.c.h; path = ZZCommunityVC.h; sourceTree = "<group>"; };
		E69058E61CE5C96000F4924E /* ZZCommunityVC.m */ = {isa = PBXFileReference; fileEncoding = 4; lastKnownFileType = sourcecode.c.objc; path = ZZCommunityVC.m; sourceTree = "<group>"; };
		E69058E91CE5C9A500F4924E /* ZZMessageVC.h */ = {isa = PBXFileReference; fileEncoding = 4; lastKnownFileType = sourcecode.c.h; path = ZZMessageVC.h; sourceTree = "<group>"; };
		E69058EA1CE5C9A500F4924E /* ZZMessageVC.m */ = {isa = PBXFileReference; fileEncoding = 4; lastKnownFileType = sourcecode.c.objc; path = ZZMessageVC.m; sourceTree = "<group>"; };
		E69058ED1CE5C9D500F4924E /* ZZProfileVC.h */ = {isa = PBXFileReference; fileEncoding = 4; lastKnownFileType = sourcecode.c.h; path = ZZProfileVC.h; sourceTree = "<group>"; };
		E69058EE1CE5C9D500F4924E /* ZZProfileVC.m */ = {isa = PBXFileReference; fileEncoding = 4; lastKnownFileType = sourcecode.c.objc; path = ZZProfileVC.m; sourceTree = "<group>"; };
		E6D26D601CBB4C6F00C4A74F /* ZZLoadingView.h */ = {isa = PBXFileReference; fileEncoding = 4; lastKnownFileType = sourcecode.c.h; path = ZZLoadingView.h; sourceTree = "<group>"; };
		E6D26D611CBB4C6F00C4A74F /* ZZLoadingView.m */ = {isa = PBXFileReference; fileEncoding = 4; lastKnownFileType = sourcecode.c.objc; path = ZZLoadingView.m; sourceTree = "<group>"; };
		E6D26D631CBB8F0F00C4A74F /* ZZPageLoadFooterView.h */ = {isa = PBXFileReference; fileEncoding = 4; lastKnownFileType = sourcecode.c.h; path = ZZPageLoadFooterView.h; sourceTree = "<group>"; };
		E6D26D641CBB8F0F00C4A74F /* ZZPageLoadFooterView.m */ = {isa = PBXFileReference; fileEncoding = 4; lastKnownFileType = sourcecode.c.objc; path = ZZPageLoadFooterView.m; sourceTree = "<group>"; };
		E6D26D671CBB9D9900C4A74F /* UINavigationBar+Awesome.h */ = {isa = PBXFileReference; fileEncoding = 4; lastKnownFileType = sourcecode.c.h; path = "UINavigationBar+Awesome.h"; sourceTree = "<group>"; };
		E6D26D681CBB9D9900C4A74F /* UINavigationBar+Awesome.m */ = {isa = PBXFileReference; fileEncoding = 4; lastKnownFileType = sourcecode.c.objc; path = "UINavigationBar+Awesome.m"; sourceTree = "<group>"; };
		E6EEF2941CAA1F6800855540 /* ZZPhotoGroupCell.h */ = {isa = PBXFileReference; fileEncoding = 4; lastKnownFileType = sourcecode.c.h; path = ZZPhotoGroupCell.h; sourceTree = "<group>"; };
		E6EEF2951CAA1F6800855540 /* ZZPhotoGroupCell.m */ = {isa = PBXFileReference; fileEncoding = 4; lastKnownFileType = sourcecode.c.objc; path = ZZPhotoGroupCell.m; sourceTree = "<group>"; };
		E6EEF2971CAA54CE00855540 /* ZZPhotoGroupView.h */ = {isa = PBXFileReference; fileEncoding = 4; lastKnownFileType = sourcecode.c.h; path = ZZPhotoGroupView.h; sourceTree = "<group>"; };
		E6EEF2981CAA54CE00855540 /* ZZPhotoGroupView.m */ = {isa = PBXFileReference; fileEncoding = 4; lastKnownFileType = sourcecode.c.objc; path = ZZPhotoGroupView.m; sourceTree = "<group>"; };
		E6EEF29A1CAA56F500855540 /* ZZHalfSugarrismPrefixHeader.pch */ = {isa = PBXFileReference; lastKnownFileType = sourcecode.c.h; path = ZZHalfSugarrismPrefixHeader.pch; sourceTree = "<group>"; };
		E6EEF29C1CAA576D00855540 /* UIConstant.h */ = {isa = PBXFileReference; lastKnownFileType = sourcecode.c.h; path = UIConstant.h; sourceTree = "<group>"; };
		E6EEF29D1CAA659700855540 /* ZZPhotoGroupViewController.h */ = {isa = PBXFileReference; fileEncoding = 4; lastKnownFileType = sourcecode.c.h; path = ZZPhotoGroupViewController.h; sourceTree = "<group>"; };
		E6EEF29E1CAA659700855540 /* ZZPhotoGroupViewController.m */ = {isa = PBXFileReference; fileEncoding = 4; lastKnownFileType = sourcecode.c.objc; path = ZZPhotoGroupViewController.m; sourceTree = "<group>"; };
		E6EEF2A01CAA6E9B00855540 /* ZZPhotoListView.h */ = {isa = PBXFileReference; fileEncoding = 4; lastKnownFileType = sourcecode.c.h; path = ZZPhotoListView.h; sourceTree = "<group>"; };
		E6EEF2A11CAA6E9B00855540 /* ZZPhotoListView.m */ = {isa = PBXFileReference; fileEncoding = 4; lastKnownFileType = sourcecode.c.objc; path = ZZPhotoListView.m; sourceTree = "<group>"; };
		E6EEF2A31CAA6ECB00855540 /* ZZPhotoListViewCell.h */ = {isa = PBXFileReference; fileEncoding = 4; lastKnownFileType = sourcecode.c.h; path = ZZPhotoListViewCell.h; sourceTree = "<group>"; };
		E6EEF2A41CAA6ECB00855540 /* ZZPhotoListViewCell.m */ = {isa = PBXFileReference; fileEncoding = 4; lastKnownFileType = sourcecode.c.objc; path = ZZPhotoListViewCell.m; sourceTree = "<group>"; };
		E6EEF2A61CAA75B400855540 /* ZZTapAssetView.h */ = {isa = PBXFileReference; fileEncoding = 4; lastKnownFileType = sourcecode.c.h; path = ZZTapAssetView.h; sourceTree = "<group>"; };
		E6EEF2A71CAA75B400855540 /* ZZTapAssetView.m */ = {isa = PBXFileReference; fileEncoding = 4; lastKnownFileType = sourcecode.c.objc; path = ZZTapAssetView.m; sourceTree = "<group>"; };
/* End PBXFileReference section */

/* Begin PBXFrameworksBuildPhase section */
		0E324B631CA8320700A4B39B /* Frameworks */ = {
			isa = PBXFrameworksBuildPhase;
			buildActionMask = 2147483647;
			files = (
				50ED2E9018040A87C16DDD4B /* libPods.a in Frameworks */,
			);
			runOnlyForDeploymentPostprocessing = 0;
		};
		0E324B7C1CA8320700A4B39B /* Frameworks */ = {
			isa = PBXFrameworksBuildPhase;
			buildActionMask = 2147483647;
			files = (
			);
			runOnlyForDeploymentPostprocessing = 0;
		};
		0E324B871CA8320700A4B39B /* Frameworks */ = {
			isa = PBXFrameworksBuildPhase;
			buildActionMask = 2147483647;
			files = (
			);
			runOnlyForDeploymentPostprocessing = 0;
		};
/* End PBXFrameworksBuildPhase section */

/* Begin PBXGroup section */
		0E1ABACA1CF5F61300960224 /* BoPhotoPicker */ = {
			isa = PBXGroup;
			children = (
				0E1ABACB1CF5F62E00960224 /* BoPhotoGroupCell.h */,
				0E1ABACC1CF5F62E00960224 /* BoPhotoGroupCell.m */,
				0E1ABACD1CF5F62E00960224 /* BoPhotoGroupView.h */,
				0E1ABACE1CF5F62E00960224 /* BoPhotoGroupView.m */,
				0E1ABACF1CF5F62E00960224 /* BoPhotoListCell.h */,
				0E1ABAD01CF5F62E00960224 /* BoPhotoListCell.m */,
				0E1ABAD11CF5F62E00960224 /* BoPhotoListView.h */,
				0E1ABAD21CF5F62E00960224 /* BoPhotoListView.m */,
				0E1ABAD31CF5F62E00960224 /* BoPhotoPicker.bundle */,
				0E1ABAD41CF5F62E00960224 /* BoPhotoPickerViewController.h */,
				0E1ABAD51CF5F62E00960224 /* BoPhotoPickerViewController.m */,
				0E1ABAD61CF5F62E00960224 /* BoTapAssetView.h */,
				0E1ABAD71CF5F62E00960224 /* BoTapAssetView.m */,
			);
			path = BoPhotoPicker;
			sourceTree = "<group>";
		};
		0E25EACC1CF7462D008D5CDD /* ProductList */ = {
			isa = PBXGroup;
			children = (
				0E25EACD1CF74655008D5CDD /* ZZProductListVC.h */,
				0E25EACE1CF74655008D5CDD /* ZZProductListVC.m */,
			);
			path = ProductList;
			sourceTree = "<group>";
		};
		0E324B5D1CA8320700A4B39B = {
			isa = PBXGroup;
			children = (
				0E324B681CA8320700A4B39B /* HalfSugarism */,
				0E324B821CA8320700A4B39B /* HalfSugarismTests */,
				0E324B8D1CA8320700A4B39B /* HalfSugarismUITests */,
				0E324B671CA8320700A4B39B /* Products */,
				19CD00B0027FB3CE0513393A /* Pods */,
				B1F21293906A3D691DC109C6 /* Frameworks */,
			);
			sourceTree = "<group>";
		};
		0E324B671CA8320700A4B39B /* Products */ = {
			isa = PBXGroup;
			children = (
				0E324B661CA8320700A4B39B /* HalfSugarism.app */,
				0E324B7F1CA8320700A4B39B /* HalfSugarismTests.xctest */,
				0E324B8A1CA8320700A4B39B /* HalfSugarismUITests.xctest */,
			);
			name = Products;
			sourceTree = "<group>";
		};
		0E324B681CA8320700A4B39B /* HalfSugarism */ = {
			isa = PBXGroup;
			children = (
				0EEAEBDE1CBBEBCB0008F86A /* Manager */,
				0EC533681CB8A1E10053586F /* Extension */,
				0EFBC3971CB6A8AA00C4E8DA /* Model */,
				0EFBC38C1CB69D7300C4E8DA /* Pages */,
				0EFBC3881CB69CF700C4E8DA /* Application */,
				E6EEF29B1CAA575100855540 /* Constant */,
				E6037C2B1CA8CED800B3BED0 /* Utils */,
				E6037C261CA8CAF500B3BED0 /* Main */,
				0E324B691CA8320700A4B39B /* Supporting Files */,
			);
			path = HalfSugarism;
			sourceTree = "<group>";
		};
		0E324B691CA8320700A4B39B /* Supporting Files */ = {
			isa = PBXGroup;
			children = (
				0E324B751CA8320700A4B39B /* Assets.xcassets */,
				0E324B7A1CA8320700A4B39B /* Info.plist */,
				0E324B6A1CA8320700A4B39B /* main.m */,
				0E324B771CA8320700A4B39B /* LaunchScreen.storyboard */,
				E6EEF29A1CAA56F500855540 /* ZZHalfSugarrismPrefixHeader.pch */,
			);
			name = "Supporting Files";
			sourceTree = "<group>";
		};
		0E324B821CA8320700A4B39B /* HalfSugarismTests */ = {
			isa = PBXGroup;
			children = (
				0E324B831CA8320700A4B39B /* HalfSugarismTests.m */,
				0E324B851CA8320700A4B39B /* Info.plist */,
			);
			path = HalfSugarismTests;
			sourceTree = "<group>";
		};
		0E324B8D1CA8320700A4B39B /* HalfSugarismUITests */ = {
			isa = PBXGroup;
			children = (
				0E324B8E1CA8320700A4B39B /* HalfSugarismUITests.m */,
				0E324B901CA8320700A4B39B /* Info.plist */,
			);
			path = HalfSugarismUITests;
			sourceTree = "<group>";
		};
		0E47A0CC1CF98C4A0081873F /* WebViewVC */ = {
			isa = PBXGroup;
			children = (
				0E47A0CD1CF98C6A0081873F /* ZZWebViewVC.h */,
				0E47A0CE1CF98C6A0081873F /* ZZWebViewVC.m */,
			);
			path = WebViewVC;
			sourceTree = "<group>";
		};
		0E47A0D01CF991960081873F /* Subject */ = {
			isa = PBXGroup;
			children = (
				0E47A0D11CF991AB0081873F /* ZZSubjectVC.h */,
				0E47A0D21CF991AB0081873F /* ZZSubjectVC.m */,
			);
			path = Subject;
			sourceTree = "<group>";
		};
		0E47A0D41CF992670081873F /* Subscribe */ = {
			isa = PBXGroup;
			children = (
				0E47A0D51CF9927D0081873F /* ZZSubscribeVC.h */,
				0E47A0D61CF9927D0081873F /* ZZSubscribeVC.m */,
			);
			path = Subscribe;
			sourceTree = "<group>";
		};
		0E75E3641CE7060B00B5144E /* Login */ = {
			isa = PBXGroup;
			children = (
				0E75E3651CE7063B00B5144E /* ZZLoginVC.h */,
				0E75E3661CE7063B00B5144E /* ZZLoginVC.m */,
				0E75E3671CE7063B00B5144E /* ZZLoginVC.xib */,
			);
			path = Login;
			sourceTree = "<group>";
		};
		0EC533681CB8A1E10053586F /* Extension */ = {
			isa = PBXGroup;
			children = (
				0EC533691CB8A2E90053586F /* UIImageView+ZZExtension.h */,
				0EC5336A1CB8A2E90053586F /* UIImageView+ZZExtension.m */,
			);
			path = Extension;
			sourceTree = "<group>";
		};
		0EDAC2641CC67D850089FEA0 /* Store */ = {
			isa = PBXGroup;
			children = (
				0EDAC2651CC67DA10089FEA0 /* ZZDataBaseManager.h */,
				0EDAC2661CC67DA10089FEA0 /* ZZDataBaseManager.m */,
				0EA99F491CCC6C0B006CD370 /* ZZDBHelper.h */,
				0EA99F4A1CCC6C0B006CD370 /* ZZDBHelper.m */,
			);
			path = Store;
			sourceTree = "<group>";
		};
		0EEAEBD51CBBE9560008F86A /* PullToRefreshCoreText */ = {
			isa = PBXGroup;
			children = (
				0EEAEBD61CBBE9BC0008F86A /* Mask.png */,
				0EEAEBD71CBBE9BC0008F86A /* PullToRefreshCoreTextView.h */,
				0EEAEBD81CBBE9BC0008F86A /* PullToRefreshCoreTextView.m */,
				0EEAEBD91CBBE9BC0008F86A /* UIScrollView+PullToRefreshCoreText.h */,
				0EEAEBDA1CBBE9BC0008F86A /* UIScrollView+PullToRefreshCoreText.m */,
			);
			path = PullToRefreshCoreText;
			sourceTree = "<group>";
		};
		0EEAEBDE1CBBEBCB0008F86A /* Manager */ = {
			isa = PBXGroup;
			children = (
				0EEAEBDF1CBBEBF10008F86A /* ZZHomePageManager.h */,
				0EEAEBE01CBBEBF10008F86A /* ZZHomePageManager.m */,
			);
			path = Manager;
			sourceTree = "<group>";
		};
		0EFBC3881CB69CF700C4E8DA /* Application */ = {
			isa = PBXGroup;
			children = (
				0EFBC38A1CB69D3800C4E8DA /* AppDelegate.h */,
				0EFBC3891CB69D3800C4E8DA /* AppDelegate.m */,
			);
			path = Application;
			sourceTree = "<group>";
		};
		0EFBC38C1CB69D7300C4E8DA /* Pages */ = {
			isa = PBXGroup;
			children = (
				0E47A0D41CF992670081873F /* Subscribe */,
				0E47A0D01CF991960081873F /* Subject */,
				0E25EACC1CF7462D008D5CDD /* ProductList */,
				E69058EC1CE5C9C100F4924E /* Mine */,
				E69058E81CE5C99600F4924E /* Message */,
				E69058E41CE5C58800F4924E /* Community */,
				E69058DF1CE5B83200F4924E /* Topic_List */,
				0EFBC38D1CB69D9500C4E8DA /* Home */,
			);
			path = Pages;
			sourceTree = "<group>";
		};
		0EFBC38D1CB69D9500C4E8DA /* Home */ = {
			isa = PBXGroup;
			children = (
				0EFBC3911CB69F4A00C4E8DA /* Widget */,
				0EFBC38E1CB69DB200C4E8DA /* ZZHomeVC.h */,
				0EFBC38F1CB69DB200C4E8DA /* ZZHomeVC.m */,
				E69058D51CE5AF4600F4924E /* ZZHomePushTransitionVC.h */,
				E69058D61CE5AF4600F4924E /* ZZHomePushTransitionVC.m */,
			);
			path = Home;
			sourceTree = "<group>";
		};
		0EFBC3911CB69F4A00C4E8DA /* Widget */ = {
			isa = PBXGroup;
			children = (
				0EFBC3931CB69FDC00C4E8DA /* NoHLButton */,
				0EFBC3921CB69FC900C4E8DA /* Header */,
			);
			path = Widget;
			sourceTree = "<group>";
		};
		0EFBC3921CB69FC900C4E8DA /* Header */ = {
			isa = PBXGroup;
			children = (
				0EFBC3941CB6A01000C4E8DA /* ZZHomePageHeaderView.h */,
				0EFBC3951CB6A01000C4E8DA /* ZZHomePageHeaderView.m */,
				0EF66DED1CB7F65900C67A38 /* ZZEntryListCell.h */,
				0EF66DEE1CB7F65900C67A38 /* ZZEntryListCell.m */,
			);
			path = Header;
			sourceTree = "<group>";
		};
		0EFBC3931CB69FDC00C4E8DA /* NoHLButton */ = {
			isa = PBXGroup;
			children = (
				0E1E20B91CBA5C5E0032723A /* ZZNoHLButton.h */,
				0E1E20BA1CBA5C5E0032723A /* ZZNoHLButton.m */,
			);
			path = NoHLButton;
			sourceTree = "<group>";
		};
		0EFBC3971CB6A8AA00C4E8DA /* Model */ = {
			isa = PBXGroup;
			children = (
				0EFBC3981CB6A8DB00C4E8DA /* ZZHomeBanner.h */,
				0EFBC3991CB6A8DB00C4E8DA /* ZZHomeBanner.m */,
				0EF66DF01CB7F6B000C67A38 /* ZZEntryList.h */,
				0EF66DF11CB7F6B000C67A38 /* ZZEntryList.m */,
				0E1E20BC1CBA76030032723A /* ZZHomePageData.h */,
				0E1E20BD1CBA76030032723A /* ZZHomePageData.m */,
				0E1E20BF1CBA84580032723A /* ZZHomeTopic.h */,
				0E1E20C01CBA84580032723A /* ZZHomeTopic.m */,
				0E1E20C21CBA88190032723A /* ZZCategoryElement.h */,
				0E1E20C31CBA88190032723A /* ZZCategoryElement.m */,
				0E1E20C51CBA88FE0032723A /* ZZFirstPageElement.h */,
				0E1E20C61CBA88FE0032723A /* ZZFirstPageElement.m */,
				0EEAEBE21CBBEE100008F86A /* ZZCommunitySubject.h */,
				0EEAEBE31CBBEE100008F86A /* ZZCommunitySubject.m */,
				0EEAEBE51CBBEE500008F86A /* ZZSubjectDynamic.h */,
				0EEAEBE61CBBEE500008F86A /* ZZSubjectDynamic.m */,
				0EEAEBE81CBBEE650008F86A /* ZZSubjectAuthor.h */,
				0EEAEBE91CBBEE650008F86A /* ZZSubjectAuthor.m */,
				0EC8AC041CBD40E2009AC336 /* ZZSubjectRankAuthor.h */,
				0EC8AC051CBD40E2009AC336 /* ZZSubjectRankAuthor.m */,
				0EE4EAB81CBE8FB8003FD6C1 /* ZZBaseRequestParams.h */,
				0EE4EAB91CBE8FB8003FD6C1 /* ZZBaseRequestParams.m */,
				0EE4EABB1CBE925C003FD6C1 /* ZZSubjectListPostParams.h */,
				0EE4EABC1CBE925C003FD6C1 /* ZZSubjectListPostParams.m */,
				0E3A653D1CC1CA8E00D7F836 /* ZZListPost.h */,
				0E3A653E1CC1CA8E00D7F836 /* ZZListPost.m */,
				0E3A65401CC1CBA200D7F836 /* ZZListPostDynamic.h */,
				0E3A65411CC1CBA200D7F836 /* ZZListPostDynamic.m */,
				0E3A65431CC1CCC100D7F836 /* ZZProduct.h */,
				0E3A65441CC1CCC100D7F836 /* ZZProduct.m */,
				0E3A65461CC1CF1B00D7F836 /* ZZTag.h */,
				0E3A65471CC1CF1B00D7F836 /* ZZTag.m */,
				0E3A65491CC1CFAE00D7F836 /* ZZListPostPics.h */,
				0E3A654A1CC1CFAE00D7F836 /* ZZListPostPics.m */,
				0E3A654C1CC1D65800D7F836 /* ZZTopicNewInfo.h */,
				0E3A654D1CC1D65800D7F836 /* ZZTopicNewInfo.m */,
				0E6714F21CC32D210042A820 /* ZZSubscribeTag.h */,
				0E6714F31CC32D210042A820 /* ZZSubscribeTag.m */,
			);
			path = Model;
			sourceTree = "<group>";
		};
		19CD00B0027FB3CE0513393A /* Pods */ = {
			isa = PBXGroup;
			children = (
				5C1E854674F250F0D8F8799C /* Pods.debug.xcconfig */,
				07284B80213411EA71E53478 /* Pods.release.xcconfig */,
			);
			name = Pods;
			sourceTree = "<group>";
		};
		B1F21293906A3D691DC109C6 /* Frameworks */ = {
			isa = PBXGroup;
			children = (
				E4406CEBC25C0ACD529CEE37 /* libPods.a */,
			);
			name = Frameworks;
			sourceTree = "<group>";
		};
		E6037C261CA8CAF500B3BED0 /* Main */ = {
			isa = PBXGroup;
			children = (
				0E47A0CC1CF98C4A0081873F /* WebViewVC */,
				0E75E3641CE7060B00B5144E /* Login */,
				E69058D81CE5B04000F4924E /* NavigationController */,
				E6D26D5F1CBB4C3D00C4A74F /* Loading */,
				E6037C271CA8CB1C00B3BED0 /* TabbarController */,
			);
			path = Main;
			sourceTree = "<group>";
		};
		E6037C271CA8CB1C00B3BED0 /* TabbarController */ = {
			isa = PBXGroup;
			children = (
				E6037C281CA8CB7900B3BED0 /* ZZTabbarControllerConfig.h */,
				E6037C291CA8CB7900B3BED0 /* ZZTabbarControllerConfig.m */,
				E6037C361CA90BA300B3BED0 /* ZZPlusButtonSubClass.h */,
				E6037C371CA90BA300B3BED0 /* ZZPlusButtonSubClass.m */,
			);
			path = TabbarController;
			sourceTree = "<group>";
		};
		E6037C2B1CA8CED800B3BED0 /* Utils */ = {
			isa = PBXGroup;
			children = (
				0E1ABACA1CF5F61300960224 /* BoPhotoPicker */,
				E69058F01CE5CD0200F4924E /* CLYTabBarController */,
				0EDAC2641CC67D850089FEA0 /* Store */,
				0EEAEBD51CBBE9560008F86A /* PullToRefreshCoreText */,
				E6D26D661CBB9D7800C4A74F /* NavigationBar */,
				E6EEF2931CAA1F2F00855540 /* ZZPhotoPicker */,
				E6037C2C1CA8CEF800B3BED0 /* ZZtabBarController */,
			);
			path = Utils;
			sourceTree = "<group>";
		};
		E6037C2C1CA8CEF800B3BED0 /* ZZtabBarController */ = {
			isa = PBXGroup;
			children = (
			);
			path = ZZtabBarController;
			sourceTree = "<group>";
		};
		E69058D81CE5B04000F4924E /* NavigationController */ = {
			isa = PBXGroup;
			children = (
				E69058D91CE5B06B00F4924E /* RMPZoomTransitionAnimator.h */,
				E69058DA1CE5B06B00F4924E /* RMPZoomTransitionAnimator.m */,
				E69058DC1CE5B09D00F4924E /* ZZNavigationController.h */,
				E69058DD1CE5B09D00F4924E /* ZZNavigationController.m */,
			);
			path = NavigationController;
			sourceTree = "<group>";
		};
		E69058DF1CE5B83200F4924E /* Topic_List */ = {
			isa = PBXGroup;
			children = (
				E69058E01CE5B85C00F4924E /* Cell */,
				0E47A0C91CF988470081873F /* ZZTopicListVC.h */,
				0E47A0CA1CF988470081873F /* ZZTopicListVC.m */,
			);
			path = Topic_List;
			sourceTree = "<group>";
		};
		E69058E01CE5B85C00F4924E /* Cell */ = {
			isa = PBXGroup;
			children = (
				E69058E11CE5B88C00F4924E /* ZZHomeTopicCell.h */,
				E69058E21CE5B88C00F4924E /* ZZHomeTopicCell.m */,
			);
			path = Cell;
			sourceTree = "<group>";
		};
		E69058E41CE5C58800F4924E /* Community */ = {
			isa = PBXGroup;
			children = (
				E69058E51CE5C96000F4924E /* ZZCommunityVC.h */,
				E69058E61CE5C96000F4924E /* ZZCommunityVC.m */,
			);
			path = Community;
			sourceTree = "<group>";
		};
		E69058E81CE5C99600F4924E /* Message */ = {
			isa = PBXGroup;
			children = (
				E69058E91CE5C9A500F4924E /* ZZMessageVC.h */,
				E69058EA1CE5C9A500F4924E /* ZZMessageVC.m */,
			);
			path = Message;
			sourceTree = "<group>";
		};
		E69058EC1CE5C9C100F4924E /* Mine */ = {
			isa = PBXGroup;
			children = (
				E69058ED1CE5C9D500F4924E /* ZZProfileVC.h */,
				E69058EE1CE5C9D500F4924E /* ZZProfileVC.m */,
			);
			path = Mine;
			sourceTree = "<group>";
		};
		E69058F01CE5CD0200F4924E /* CLYTabBarController */ = {
			isa = PBXGroup;
			children = (
				0E75E35B1CE703E000B5144E /* ZZPlusButton.h */,
				0E75E35C1CE703E000B5144E /* ZZPlusButton.m */,
				0E75E35E1CE703FD00B5144E /* ZZTabBar.h */,
				0E75E35F1CE703FD00B5144E /* ZZTabBar.m */,
				0E75E3611CE7042E00B5144E /* ZZTabBarController.h */,
				0E75E3621CE7042E00B5144E /* ZZTabBarController.m */,
			);
			path = CLYTabBarController;
			sourceTree = "<group>";
		};
		E6D26D5F1CBB4C3D00C4A74F /* Loading */ = {
			isa = PBXGroup;
			children = (
				E6D26D601CBB4C6F00C4A74F /* ZZLoadingView.h */,
				E6D26D611CBB4C6F00C4A74F /* ZZLoadingView.m */,
				E6D26D631CBB8F0F00C4A74F /* ZZPageLoadFooterView.h */,
				E6D26D641CBB8F0F00C4A74F /* ZZPageLoadFooterView.m */,
			);
			path = Loading;
			sourceTree = "<group>";
		};
		E6D26D661CBB9D7800C4A74F /* NavigationBar */ = {
			isa = PBXGroup;
			children = (
				E6D26D671CBB9D9900C4A74F /* UINavigationBar+Awesome.h */,
				E6D26D681CBB9D9900C4A74F /* UINavigationBar+Awesome.m */,
			);
			path = NavigationBar;
			sourceTree = "<group>";
		};
		E6EEF2931CAA1F2F00855540 /* ZZPhotoPicker */ = {
			isa = PBXGroup;
			children = (
				E6EEF2941CAA1F6800855540 /* ZZPhotoGroupCell.h */,
				E6EEF2951CAA1F6800855540 /* ZZPhotoGroupCell.m */,
				E6EEF2971CAA54CE00855540 /* ZZPhotoGroupView.h */,
				E6EEF2981CAA54CE00855540 /* ZZPhotoGroupView.m */,
				E6EEF29D1CAA659700855540 /* ZZPhotoGroupViewController.h */,
				E6EEF29E1CAA659700855540 /* ZZPhotoGroupViewController.m */,
				E6EEF2A01CAA6E9B00855540 /* ZZPhotoListView.h */,
				E6EEF2A11CAA6E9B00855540 /* ZZPhotoListView.m */,
				E6EEF2A31CAA6ECB00855540 /* ZZPhotoListViewCell.h */,
				E6EEF2A41CAA6ECB00855540 /* ZZPhotoListViewCell.m */,
				E6EEF2A61CAA75B400855540 /* ZZTapAssetView.h */,
				E6EEF2A71CAA75B400855540 /* ZZTapAssetView.m */,
			);
			path = ZZPhotoPicker;
			sourceTree = "<group>";
		};
		E6EEF29B1CAA575100855540 /* Constant */ = {
			isa = PBXGroup;
			children = (
				E6EEF29C1CAA576D00855540 /* UIConstant.h */,
				0E5C91431CAAC86B00E41A34 /* Constant.h */,
			);
			path = Constant;
			sourceTree = "<group>";
		};
/* End PBXGroup section */

/* Begin PBXNativeTarget section */
		0E324B651CA8320700A4B39B /* HalfSugarism */ = {
			isa = PBXNativeTarget;
			buildConfigurationList = 0E324B931CA8320700A4B39B /* Build configuration list for PBXNativeTarget "HalfSugarism" */;
			buildPhases = (
				3BD6E5D10C5BB2F7F42DE230 /* Check Pods Manifest.lock */,
				0E324B621CA8320700A4B39B /* Sources */,
				0E324B631CA8320700A4B39B /* Frameworks */,
				0E324B641CA8320700A4B39B /* Resources */,
				9E7CC97D628F7A409AEDD0D3 /* Embed Pods Frameworks */,
				3CCFDFAAB91FA85B0BE703D3 /* Copy Pods Resources */,
			);
			buildRules = (
			);
			dependencies = (
			);
			name = HalfSugarism;
			productName = HalfSugarism;
			productReference = 0E324B661CA8320700A4B39B /* HalfSugarism.app */;
			productType = "com.apple.product-type.application";
		};
		0E324B7E1CA8320700A4B39B /* HalfSugarismTests */ = {
			isa = PBXNativeTarget;
			buildConfigurationList = 0E324B961CA8320700A4B39B /* Build configuration list for PBXNativeTarget "HalfSugarismTests" */;
			buildPhases = (
				0E324B7B1CA8320700A4B39B /* Sources */,
				0E324B7C1CA8320700A4B39B /* Frameworks */,
				0E324B7D1CA8320700A4B39B /* Resources */,
			);
			buildRules = (
			);
			dependencies = (
				0E324B811CA8320700A4B39B /* PBXTargetDependency */,
			);
			name = HalfSugarismTests;
			productName = HalfSugarismTests;
			productReference = 0E324B7F1CA8320700A4B39B /* HalfSugarismTests.xctest */;
			productType = "com.apple.product-type.bundle.unit-test";
		};
		0E324B891CA8320700A4B39B /* HalfSugarismUITests */ = {
			isa = PBXNativeTarget;
			buildConfigurationList = 0E324B991CA8320700A4B39B /* Build configuration list for PBXNativeTarget "HalfSugarismUITests" */;
			buildPhases = (
				0E324B861CA8320700A4B39B /* Sources */,
				0E324B871CA8320700A4B39B /* Frameworks */,
				0E324B881CA8320700A4B39B /* Resources */,
			);
			buildRules = (
			);
			dependencies = (
				0E324B8C1CA8320700A4B39B /* PBXTargetDependency */,
			);
			name = HalfSugarismUITests;
			productName = HalfSugarismUITests;
			productReference = 0E324B8A1CA8320700A4B39B /* HalfSugarismUITests.xctest */;
			productType = "com.apple.product-type.bundle.ui-testing";
		};
/* End PBXNativeTarget section */

/* Begin PBXProject section */
		0E324B5E1CA8320700A4B39B /* Project object */ = {
			isa = PBXProject;
			attributes = {
				CLASSPREFIX = ZZ;
				LastUpgradeCheck = 0730;
				ORGANIZATIONNAME = zhaozheng;
				TargetAttributes = {
					0E324B651CA8320700A4B39B = {
						CreatedOnToolsVersion = 7.3;
					};
					0E324B7E1CA8320700A4B39B = {
						CreatedOnToolsVersion = 7.3;
						TestTargetID = 0E324B651CA8320700A4B39B;
					};
					0E324B891CA8320700A4B39B = {
						CreatedOnToolsVersion = 7.3;
						TestTargetID = 0E324B651CA8320700A4B39B;
					};
				};
			};
			buildConfigurationList = 0E324B611CA8320700A4B39B /* Build configuration list for PBXProject "HalfSugarism" */;
			compatibilityVersion = "Xcode 3.2";
			developmentRegion = English;
			hasScannedForEncodings = 0;
			knownRegions = (
				en,
				Base,
			);
			mainGroup = 0E324B5D1CA8320700A4B39B;
			productRefGroup = 0E324B671CA8320700A4B39B /* Products */;
			projectDirPath = "";
			projectRoot = "";
			targets = (
				0E324B651CA8320700A4B39B /* HalfSugarism */,
				0E324B7E1CA8320700A4B39B /* HalfSugarismTests */,
				0E324B891CA8320700A4B39B /* HalfSugarismUITests */,
			);
		};
/* End PBXProject section */

/* Begin PBXResourcesBuildPhase section */
		0E324B641CA8320700A4B39B /* Resources */ = {
			isa = PBXResourcesBuildPhase;
			buildActionMask = 2147483647;
			files = (
				0E75E3691CE7063B00B5144E /* ZZLoginVC.xib in Resources */,
				0EEAEBDB1CBBE9BC0008F86A /* Mask.png in Resources */,
				0E324B791CA8320700A4B39B /* LaunchScreen.storyboard in Resources */,
				0E1ABADC1CF5F62E00960224 /* BoPhotoPicker.bundle in Resources */,
				0E324B761CA8320700A4B39B /* Assets.xcassets in Resources */,
			);
			runOnlyForDeploymentPostprocessing = 0;
		};
		0E324B7D1CA8320700A4B39B /* Resources */ = {
			isa = PBXResourcesBuildPhase;
			buildActionMask = 2147483647;
			files = (
			);
			runOnlyForDeploymentPostprocessing = 0;
		};
		0E324B881CA8320700A4B39B /* Resources */ = {
			isa = PBXResourcesBuildPhase;
			buildActionMask = 2147483647;
			files = (
			);
			runOnlyForDeploymentPostprocessing = 0;
		};
/* End PBXResourcesBuildPhase section */

/* Begin PBXShellScriptBuildPhase section */
		3BD6E5D10C5BB2F7F42DE230 /* Check Pods Manifest.lock */ = {
			isa = PBXShellScriptBuildPhase;
			buildActionMask = 2147483647;
			files = (
			);
			inputPaths = (
			);
			name = "Check Pods Manifest.lock";
			outputPaths = (
			);
			runOnlyForDeploymentPostprocessing = 0;
			shellPath = /bin/sh;
			shellScript = "diff \"${PODS_ROOT}/../Podfile.lock\" \"${PODS_ROOT}/Manifest.lock\" > /dev/null\nif [[ $? != 0 ]] ; then\n    cat << EOM\nerror: The sandbox is not in sync with the Podfile.lock. Run 'pod install' or update your CocoaPods installation.\nEOM\n    exit 1\nfi\n";
			showEnvVarsInLog = 0;
		};
		3CCFDFAAB91FA85B0BE703D3 /* Copy Pods Resources */ = {
			isa = PBXShellScriptBuildPhase;
			buildActionMask = 2147483647;
			files = (
			);
			inputPaths = (
			);
			name = "Copy Pods Resources";
			outputPaths = (
			);
			runOnlyForDeploymentPostprocessing = 0;
			shellPath = /bin/sh;
			shellScript = "\"${SRCROOT}/Pods/Target Support Files/Pods/Pods-resources.sh\"\n";
			showEnvVarsInLog = 0;
		};
		9E7CC97D628F7A409AEDD0D3 /* Embed Pods Frameworks */ = {
			isa = PBXShellScriptBuildPhase;
			buildActionMask = 2147483647;
			files = (
			);
			inputPaths = (
			);
			name = "Embed Pods Frameworks";
			outputPaths = (
			);
			runOnlyForDeploymentPostprocessing = 0;
			shellPath = /bin/sh;
			shellScript = "\"${SRCROOT}/Pods/Target Support Files/Pods/Pods-frameworks.sh\"\n";
			showEnvVarsInLog = 0;
		};
/* End PBXShellScriptBuildPhase section */

/* Begin PBXSourcesBuildPhase section */
		0E324B621CA8320700A4B39B /* Sources */ = {
			isa = PBXSourcesBuildPhase;
			buildActionMask = 2147483647;
			files = (
				E6EEF2991CAA54CE00855540 /* ZZPhotoGroupView.m in Sources */,
				E6EEF2A51CAA6ECB00855540 /* ZZPhotoListViewCell.m in Sources */,
				0E3A65481CC1CF1B00D7F836 /* ZZTag.m in Sources */,
				0E1ABAD81CF5F62E00960224 /* BoPhotoGroupCell.m in Sources */,
				0EEAEBDD1CBBE9BC0008F86A /* UIScrollView+PullToRefreshCoreText.m in Sources */,
				0E75E35D1CE703E000B5144E /* ZZPlusButton.m in Sources */,
				0E1E20C71CBA88FE0032723A /* ZZFirstPageElement.m in Sources */,
				E6EEF2961CAA1F6800855540 /* ZZPhotoGroupCell.m in Sources */,
				E69058E31CE5B88C00F4924E /* ZZHomeTopicCell.m in Sources */,
				E6EEF2A81CAA75B400855540 /* ZZTapAssetView.m in Sources */,
				0E1ABADE1CF5F62E00960224 /* BoTapAssetView.m in Sources */,
				E6D26D621CBB4C6F00C4A74F /* ZZLoadingView.m in Sources */,
				E69058DB1CE5B06B00F4924E /* RMPZoomTransitionAnimator.m in Sources */,
				0E47A0D31CF991AB0081873F /* ZZSubjectVC.m in Sources */,
				0E3A654E1CC1D65800D7F836 /* ZZTopicNewInfo.m in Sources */,
				E69058EB1CE5C9A500F4924E /* ZZMessageVC.m in Sources */,
				0EF66DEF1CB7F65900C67A38 /* ZZEntryListCell.m in Sources */,
				E6037C2A1CA8CB7900B3BED0 /* ZZTabbarControllerConfig.m in Sources */,
				E6EEF2A21CAA6E9B00855540 /* ZZPhotoListView.m in Sources */,
				0E47A0CB1CF988470081873F /* ZZTopicListVC.m in Sources */,
				0E1E20C41CBA88190032723A /* ZZCategoryElement.m in Sources */,
				0E3A65451CC1CCC100D7F836 /* ZZProduct.m in Sources */,
				0E47A0CF1CF98C6A0081873F /* ZZWebViewVC.m in Sources */,
				0EDAC2671CC67DA10089FEA0 /* ZZDataBaseManager.m in Sources */,
				E6037C381CA90BA300B3BED0 /* ZZPlusButtonSubClass.m in Sources */,
				0E75E3631CE7042E00B5144E /* ZZTabBarController.m in Sources */,
				0E1ABADB1CF5F62E00960224 /* BoPhotoListView.m in Sources */,
				0EA99F4B1CCC6C0B006CD370 /* ZZDBHelper.m in Sources */,
				0EEAEBEA1CBBEE650008F86A /* ZZSubjectAuthor.m in Sources */,
				0E3A65421CC1CBA200D7F836 /* ZZListPostDynamic.m in Sources */,
				0E75E3681CE7063B00B5144E /* ZZLoginVC.m in Sources */,
				0E3A653F1CC1CA8F00D7F836 /* ZZListPost.m in Sources */,
				0E324B6B1CA8320700A4B39B /* main.m in Sources */,
				E69058E71CE5C96000F4924E /* ZZCommunityVC.m in Sources */,
				0EC8AC061CBD40E2009AC336 /* ZZSubjectRankAuthor.m in Sources */,
				E6D26D691CBB9D9900C4A74F /* UINavigationBar+Awesome.m in Sources */,
				0E47A0D71CF9927D0081873F /* ZZSubscribeVC.m in Sources */,
				0E25EACF1CF74655008D5CDD /* ZZProductListVC.m in Sources */,
				0E1E20BB1CBA5C5E0032723A /* ZZNoHLButton.m in Sources */,
				0E75E3601CE703FD00B5144E /* ZZTabBar.m in Sources */,
				0EE4EABD1CBE925C003FD6C1 /* ZZSubjectListPostParams.m in Sources */,
				0EFBC3901CB69DB200C4E8DA /* ZZHomeVC.m in Sources */,
				0E1E20C11CBA84580032723A /* ZZHomeTopic.m in Sources */,
				E6EEF29F1CAA659700855540 /* ZZPhotoGroupViewController.m in Sources */,
				0EEAEBE41CBBEE100008F86A /* ZZCommunitySubject.m in Sources */,
				0EEAEBE11CBBEBF10008F86A /* ZZHomePageManager.m in Sources */,
				0E1ABADA1CF5F62E00960224 /* BoPhotoListCell.m in Sources */,
				0EEAEBE71CBBEE500008F86A /* ZZSubjectDynamic.m in Sources */,
				0EFBC39A1CB6A8DB00C4E8DA /* ZZHomeBanner.m in Sources */,
				0EC5336B1CB8A2E90053586F /* UIImageView+ZZExtension.m in Sources */,
				0EE4EABA1CBE8FB8003FD6C1 /* ZZBaseRequestParams.m in Sources */,
				E6D26D651CBB8F0F00C4A74F /* ZZPageLoadFooterView.m in Sources */,
				0EF66DF21CB7F6B000C67A38 /* ZZEntryList.m in Sources */,
				E69058EF1CE5C9D500F4924E /* ZZProfileVC.m in Sources */,
				0E1ABAD91CF5F62E00960224 /* BoPhotoGroupView.m in Sources */,
				E69058D71CE5AF4600F4924E /* ZZHomePushTransitionVC.m in Sources */,
				0E6714F41CC32D210042A820 /* ZZSubscribeTag.m in Sources */,
				0E3A654B1CC1CFAE00D7F836 /* ZZListPostPics.m in Sources */,
				0E1ABADD1CF5F62E00960224 /* BoPhotoPickerViewController.m in Sources */,
				0EFBC3961CB6A01000C4E8DA /* ZZHomePageHeaderView.m in Sources */,
				E69058DE1CE5B09D00F4924E /* ZZNavigationController.m in Sources */,
				0E1E20BE1CBA76030032723A /* ZZHomePageData.m in Sources */,
				0EEAEBDC1CBBE9BC0008F86A /* PullToRefreshCoreTextView.m in Sources */,
				0EFBC38B1CB69D3800C4E8DA /* AppDelegate.m in Sources */,
			);
			runOnlyForDeploymentPostprocessing = 0;
		};
		0E324B7B1CA8320700A4B39B /* Sources */ = {
			isa = PBXSourcesBuildPhase;
			buildActionMask = 2147483647;
			files = (
				0E324B841CA8320700A4B39B /* HalfSugarismTests.m in Sources */,
			);
			runOnlyForDeploymentPostprocessing = 0;
		};
		0E324B861CA8320700A4B39B /* Sources */ = {
			isa = PBXSourcesBuildPhase;
			buildActionMask = 2147483647;
			files = (
				0E324B8F1CA8320700A4B39B /* HalfSugarismUITests.m in Sources */,
			);
			runOnlyForDeploymentPostprocessing = 0;
		};
/* End PBXSourcesBuildPhase section */

/* Begin PBXTargetDependency section */
		0E324B811CA8320700A4B39B /* PBXTargetDependency */ = {
			isa = PBXTargetDependency;
			target = 0E324B651CA8320700A4B39B /* HalfSugarism */;
			targetProxy = 0E324B801CA8320700A4B39B /* PBXContainerItemProxy */;
		};
		0E324B8C1CA8320700A4B39B /* PBXTargetDependency */ = {
			isa = PBXTargetDependency;
			target = 0E324B651CA8320700A4B39B /* HalfSugarism */;
			targetProxy = 0E324B8B1CA8320700A4B39B /* PBXContainerItemProxy */;
		};
/* End PBXTargetDependency section */

/* Begin PBXVariantGroup section */
		0E324B771CA8320700A4B39B /* LaunchScreen.storyboard */ = {
			isa = PBXVariantGroup;
			children = (
				0E324B781CA8320700A4B39B /* Base */,
			);
			name = LaunchScreen.storyboard;
			sourceTree = "<group>";
		};
/* End PBXVariantGroup section */

/* Begin XCBuildConfiguration section */
		0E324B911CA8320700A4B39B /* Debug */ = {
			isa = XCBuildConfiguration;
			buildSettings = {
				ALWAYS_SEARCH_USER_PATHS = NO;
				CLANG_ANALYZER_NONNULL = YES;
				CLANG_CXX_LANGUAGE_STANDARD = "gnu++0x";
				CLANG_CXX_LIBRARY = "libc++";
				CLANG_ENABLE_MODULES = YES;
				CLANG_ENABLE_OBJC_ARC = YES;
				CLANG_WARN_BOOL_CONVERSION = YES;
				CLANG_WARN_CONSTANT_CONVERSION = YES;
				CLANG_WARN_DIRECT_OBJC_ISA_USAGE = YES_ERROR;
				CLANG_WARN_EMPTY_BODY = YES;
				CLANG_WARN_ENUM_CONVERSION = YES;
				CLANG_WARN_INT_CONVERSION = YES;
				CLANG_WARN_OBJC_ROOT_CLASS = YES_ERROR;
				CLANG_WARN_UNREACHABLE_CODE = YES;
				CLANG_WARN__DUPLICATE_METHOD_MATCH = YES;
				"CODE_SIGN_IDENTITY[sdk=iphoneos*]" = "iPhone Developer";
				COPY_PHASE_STRIP = NO;
				DEBUG_INFORMATION_FORMAT = dwarf;
				ENABLE_STRICT_OBJC_MSGSEND = YES;
				ENABLE_TESTABILITY = YES;
				GCC_C_LANGUAGE_STANDARD = gnu99;
				GCC_DYNAMIC_NO_PIC = NO;
				GCC_NO_COMMON_BLOCKS = YES;
				GCC_OPTIMIZATION_LEVEL = 0;
				GCC_PREPROCESSOR_DEFINITIONS = (
					"DEBUG=1",
					"$(inherited)",
				);
				GCC_WARN_64_TO_32_BIT_CONVERSION = YES;
				GCC_WARN_ABOUT_RETURN_TYPE = YES_ERROR;
				GCC_WARN_UNDECLARED_SELECTOR = YES;
				GCC_WARN_UNINITIALIZED_AUTOS = YES_AGGRESSIVE;
				GCC_WARN_UNUSED_FUNCTION = YES;
				GCC_WARN_UNUSED_VARIABLE = YES;
				IPHONEOS_DEPLOYMENT_TARGET = 9.3;
				MTL_ENABLE_DEBUG_INFO = YES;
				ONLY_ACTIVE_ARCH = YES;
				SDKROOT = iphoneos;
			};
			name = Debug;
		};
		0E324B921CA8320700A4B39B /* Release */ = {
			isa = XCBuildConfiguration;
			buildSettings = {
				ALWAYS_SEARCH_USER_PATHS = NO;
				CLANG_ANALYZER_NONNULL = YES;
				CLANG_CXX_LANGUAGE_STANDARD = "gnu++0x";
				CLANG_CXX_LIBRARY = "libc++";
				CLANG_ENABLE_MODULES = YES;
				CLANG_ENABLE_OBJC_ARC = YES;
				CLANG_WARN_BOOL_CONVERSION = YES;
				CLANG_WARN_CONSTANT_CONVERSION = YES;
				CLANG_WARN_DIRECT_OBJC_ISA_USAGE = YES_ERROR;
				CLANG_WARN_EMPTY_BODY = YES;
				CLANG_WARN_ENUM_CONVERSION = YES;
				CLANG_WARN_INT_CONVERSION = YES;
				CLANG_WARN_OBJC_ROOT_CLASS = YES_ERROR;
				CLANG_WARN_UNREACHABLE_CODE = YES;
				CLANG_WARN__DUPLICATE_METHOD_MATCH = YES;
				"CODE_SIGN_IDENTITY[sdk=iphoneos*]" = "iPhone Developer";
				COPY_PHASE_STRIP = NO;
				DEBUG_INFORMATION_FORMAT = "dwarf-with-dsym";
				ENABLE_NS_ASSERTIONS = NO;
				ENABLE_STRICT_OBJC_MSGSEND = YES;
				GCC_C_LANGUAGE_STANDARD = gnu99;
				GCC_NO_COMMON_BLOCKS = YES;
				GCC_WARN_64_TO_32_BIT_CONVERSION = YES;
				GCC_WARN_ABOUT_RETURN_TYPE = YES_ERROR;
				GCC_WARN_UNDECLARED_SELECTOR = YES;
				GCC_WARN_UNINITIALIZED_AUTOS = YES_AGGRESSIVE;
				GCC_WARN_UNUSED_FUNCTION = YES;
				GCC_WARN_UNUSED_VARIABLE = YES;
				IPHONEOS_DEPLOYMENT_TARGET = 9.3;
				MTL_ENABLE_DEBUG_INFO = NO;
				SDKROOT = iphoneos;
				VALIDATE_PRODUCT = YES;
			};
			name = Release;
		};
		0E324B941CA8320700A4B39B /* Debug */ = {
			isa = XCBuildConfiguration;
			baseConfigurationReference = 5C1E854674F250F0D8F8799C /* Pods.debug.xcconfig */;
			buildSettings = {
				ASSETCATALOG_COMPILER_APPICON_NAME = AppIcon;
				GCC_PRECOMPILE_PREFIX_HEADER = YES;
				GCC_PREFIX_HEADER = "$(SRCROOT)/HalfSugarism/ZZHalfSugarrismPrefixHeader.pch";
				INFOPLIST_FILE = HalfSugarism/Info.plist;
				IPHONEOS_DEPLOYMENT_TARGET = 8.0;
				LD_RUNPATH_SEARCH_PATHS = "$(inherited) @executable_path/Frameworks";
				PRODUCT_BUNDLE_IDENTIFIER = ZZ.HalfSugarism;
				PRODUCT_NAME = "$(TARGET_NAME)";
			};
			name = Debug;
		};
		0E324B951CA8320700A4B39B /* Release */ = {
			isa = XCBuildConfiguration;
			baseConfigurationReference = 07284B80213411EA71E53478 /* Pods.release.xcconfig */;
			buildSettings = {
				ASSETCATALOG_COMPILER_APPICON_NAME = AppIcon;
				GCC_PRECOMPILE_PREFIX_HEADER = YES;
				GCC_PREFIX_HEADER = "$(SRCROOT)/HalfSugarism/ZZHalfSugarrismPrefixHeader.pch";
				INFOPLIST_FILE = HalfSugarism/Info.plist;
				IPHONEOS_DEPLOYMENT_TARGET = 8.0;
				LD_RUNPATH_SEARCH_PATHS = "$(inherited) @executable_path/Frameworks";
				PRODUCT_BUNDLE_IDENTIFIER = ZZ.HalfSugarism;
				PRODUCT_NAME = "$(TARGET_NAME)";
			};
			name = Release;
		};
		0E324B971CA8320700A4B39B /* Debug */ = {
			isa = XCBuildConfiguration;
			buildSettings = {
				BUNDLE_LOADER = "$(TEST_HOST)";
				INFOPLIST_FILE = HalfSugarismTests/Info.plist;
				LD_RUNPATH_SEARCH_PATHS = "$(inherited) @executable_path/Frameworks @loader_path/Frameworks";
				PRODUCT_BUNDLE_IDENTIFIER = ZZ.HalfSugarismTests;
				PRODUCT_NAME = "$(TARGET_NAME)";
				TEST_HOST = "$(BUILT_PRODUCTS_DIR)/HalfSugarism.app/HalfSugarism";
			};
			name = Debug;
		};
		0E324B981CA8320700A4B39B /* Release */ = {
			isa = XCBuildConfiguration;
			buildSettings = {
				BUNDLE_LOADER = "$(TEST_HOST)";
				INFOPLIST_FILE = HalfSugarismTests/Info.plist;
				LD_RUNPATH_SEARCH_PATHS = "$(inherited) @executable_path/Frameworks @loader_path/Frameworks";
				PRODUCT_BUNDLE_IDENTIFIER = ZZ.HalfSugarismTests;
				PRODUCT_NAME = "$(TARGET_NAME)";
				TEST_HOST = "$(BUILT_PRODUCTS_DIR)/HalfSugarism.app/HalfSugarism";
			};
			name = Release;
		};
		0E324B9A1CA8320700A4B39B /* Debug */ = {
			isa = XCBuildConfiguration;
			buildSettings = {
				INFOPLIST_FILE = HalfSugarismUITests/Info.plist;
				LD_RUNPATH_SEARCH_PATHS = "$(inherited) @executable_path/Frameworks @loader_path/Frameworks";
				PRODUCT_BUNDLE_IDENTIFIER = ZZ.HalfSugarismUITests;
				PRODUCT_NAME = "$(TARGET_NAME)";
				TEST_TARGET_NAME = HalfSugarism;
			};
			name = Debug;
		};
		0E324B9B1CA8320700A4B39B /* Release */ = {
			isa = XCBuildConfiguration;
			buildSettings = {
				INFOPLIST_FILE = HalfSugarismUITests/Info.plist;
				LD_RUNPATH_SEARCH_PATHS = "$(inherited) @executable_path/Frameworks @loader_path/Frameworks";
				PRODUCT_BUNDLE_IDENTIFIER = ZZ.HalfSugarismUITests;
				PRODUCT_NAME = "$(TARGET_NAME)";
				TEST_TARGET_NAME = HalfSugarism;
			};
			name = Release;
		};
/* End XCBuildConfiguration section */

/* Begin XCConfigurationList section */
		0E324B611CA8320700A4B39B /* Build configuration list for PBXProject "HalfSugarism" */ = {
			isa = XCConfigurationList;
			buildConfigurations = (
				0E324B911CA8320700A4B39B /* Debug */,
				0E324B921CA8320700A4B39B /* Release */,
			);
			defaultConfigurationIsVisible = 0;
			defaultConfigurationName = Release;
		};
		0E324B931CA8320700A4B39B /* Build configuration list for PBXNativeTarget "HalfSugarism" */ = {
			isa = XCConfigurationList;
			buildConfigurations = (
				0E324B941CA8320700A4B39B /* Debug */,
				0E324B951CA8320700A4B39B /* Release */,
			);
			defaultConfigurationIsVisible = 0;
			defaultConfigurationName = Release;
		};
		0E324B961CA8320700A4B39B /* Build configuration list for PBXNativeTarget "HalfSugarismTests" */ = {
			isa = XCConfigurationList;
			buildConfigurations = (
				0E324B971CA8320700A4B39B /* Debug */,
				0E324B981CA8320700A4B39B /* Release */,
			);
			defaultConfigurationIsVisible = 0;
			defaultConfigurationName = Release;
		};
		0E324B991CA8320700A4B39B /* Build configuration list for PBXNativeTarget "HalfSugarismUITests" */ = {
			isa = XCConfigurationList;
			buildConfigurations = (
				0E324B9A1CA8320700A4B39B /* Debug */,
				0E324B9B1CA8320700A4B39B /* Release */,
			);
			defaultConfigurationIsVisible = 0;
			defaultConfigurationName = Release;
		};
/* End XCConfigurationList section */
	};
	rootObject = 0E324B5E1CA8320700A4B39B /* Project object */;
}
