// !$*UTF8*$!
{
	archiveVersion = 1;
	classes = {
	};
	objectVersion = 46;
	objects = {

/* Begin PBXBuildFile section */
		0E324B6B1CA8320700A4B39B /* main.m in Sources */ = {isa = PBXBuildFile; fileRef = 0E324B6A1CA8320700A4B39B /* main.m */; };
		0E324B761CA8320700A4B39B /* Assets.xcassets in Resources */ = {isa = PBXBuildFile; fileRef = 0E324B751CA8320700A4B39B /* Assets.xcassets */; };
		0E324B791CA8320700A4B39B /* LaunchScreen.storyboard in Resources */ = {isa = PBXBuildFile; fileRef = 0E324B771CA8320700A4B39B /* LaunchScreen.storyboard */; };
		0E324B841CA8320700A4B39B /* HalfSugarismTests.m in Sources */ = {isa = PBXBuildFile; fileRef = 0E324B831CA8320700A4B39B /* HalfSugarismTests.m */; };
		0E324B8F1CA8320700A4B39B /* HalfSugarismUITests.m in Sources */ = {isa = PBXBuildFile; fileRef = 0E324B8E1CA8320700A4B39B /* HalfSugarismUITests.m */; };
		0E9361BA1CB559E800078153 /* AppDelegate.m in Sources */ = {isa = PBXBuildFile; fileRef = 0E9361B91CB559E800078153 /* AppDelegate.m */; };
		50ED2E9018040A87C16DDD4B /* libPods.a in Frameworks */ = {isa = PBXBuildFile; fileRef = E4406CEBC25C0ACD529CEE37 /* libPods.a */; };
		E6037C2A1CA8CB7900B3BED0 /* ZZTabbarControllerConfig.m in Sources */ = {isa = PBXBuildFile; fileRef = E6037C291CA8CB7900B3BED0 /* ZZTabbarControllerConfig.m */; };
		E6037C2F1CA8CF2E00B3BED0 /* ZZTabBarController.m in Sources */ = {isa = PBXBuildFile; fileRef = E6037C2E1CA8CF2E00B3BED0 /* ZZTabBarController.m */; };
		E6037C321CA9007500B3BED0 /* ZZTabBar.m in Sources */ = {isa = PBXBuildFile; fileRef = E6037C311CA9007500B3BED0 /* ZZTabBar.m */; };
		E6037C351CA902D300B3BED0 /* ZZPlusButton.m in Sources */ = {isa = PBXBuildFile; fileRef = E6037C341CA902D300B3BED0 /* ZZPlusButton.m */; };
		E6037C381CA90BA300B3BED0 /* ZZPlusButtonSubClass.m in Sources */ = {isa = PBXBuildFile; fileRef = E6037C371CA90BA300B3BED0 /* ZZPlusButtonSubClass.m */; };
		E6EEF2961CAA1F6800855540 /* ZZPhotoGroupCell.m in Sources */ = {isa = PBXBuildFile; fileRef = E6EEF2951CAA1F6800855540 /* ZZPhotoGroupCell.m */; };
		E6EEF2991CAA54CE00855540 /* ZZPhotoGroupView.m in Sources */ = {isa = PBXBuildFile; fileRef = E6EEF2981CAA54CE00855540 /* ZZPhotoGroupView.m */; };
		E6EEF29F1CAA659700855540 /* ZZPhotoGroupViewController.m in Sources */ = {isa = PBXBuildFile; fileRef = E6EEF29E1CAA659700855540 /* ZZPhotoGroupViewController.m */; };
		E6EEF2A21CAA6E9B00855540 /* ZZPhotoListView.m in Sources */ = {isa = PBXBuildFile; fileRef = E6EEF2A11CAA6E9B00855540 /* ZZPhotoListView.m */; };
		E6EEF2A51CAA6ECB00855540 /* ZZPhotoListViewCell.m in Sources */ = {isa = PBXBuildFile; fileRef = E6EEF2A41CAA6ECB00855540 /* ZZPhotoListViewCell.m */; };
		E6EEF2A81CAA75B400855540 /* ZZTapAssetView.m in Sources */ = {isa = PBXBuildFile; fileRef = E6EEF2A71CAA75B400855540 /* ZZTapAssetView.m */; };
/* End PBXBuildFile section */

/* Begin PBXContainerItemProxy section */
		0E324B801CA8320700A4B39B /* PBXContainerItemProxy */ = {
			isa = PBXContainerItemProxy;
			containerPortal = 0E324B5E1CA8320700A4B39B /* Project object */;
			proxyType = 1;
			remoteGlobalIDString = 0E324B651CA8320700A4B39B;
			remoteInfo = HalfSugarism;
		};
		0E324B8B1CA8320700A4B39B /* PBXContainerItemProxy */ = {
			isa = PBXContainerItemProxy;
			containerPortal = 0E324B5E1CA8320700A4B39B /* Project object */;
			proxyType = 1;
			remoteGlobalIDString = 0E324B651CA8320700A4B39B;
			remoteInfo = HalfSugarism;
		};
/* End PBXContainerItemProxy section */

/* Begin PBXFileReference section */
		07284B80213411EA71E53478 /* Pods.release.xcconfig */ = {isa = PBXFileReference; includeInIndex = 1; lastKnownFileType = text.xcconfig; name = Pods.release.xcconfig; path = "Pods/Target Support Files/Pods/Pods.release.xcconfig"; sourceTree = "<group>"; };
		0E324B661CA8320700A4B39B /* HalfSugarism.app */ = {isa = PBXFileReference; explicitFileType = wrapper.application; includeInIndex = 0; path = HalfSugarism.app; sourceTree = BUILT_PRODUCTS_DIR; };
		0E324B6A1CA8320700A4B39B /* main.m */ = {isa = PBXFileReference; lastKnownFileType = sourcecode.c.objc; path = main.m; sourceTree = "<group>"; };
		0E324B751CA8320700A4B39B /* Assets.xcassets */ = {isa = PBXFileReference; lastKnownFileType = folder.assetcatalog; path = Assets.xcassets; sourceTree = "<group>"; };
		0E324B781CA8320700A4B39B /* Base */ = {isa = PBXFileReference; lastKnownFileType = file.storyboard; name = Base; path = Base.lproj/LaunchScreen.storyboard; sourceTree = "<group>"; };
		0E324B7A1CA8320700A4B39B /* Info.plist */ = {isa = PBXFileReference; lastKnownFileType = text.plist.xml; path = Info.plist; sourceTree = "<group>"; };
		0E324B7F1CA8320700A4B39B /* HalfSugarismTests.xctest */ = {isa = PBXFileReference; explicitFileType = wrapper.cfbundle; includeInIndex = 0; path = HalfSugarismTests.xctest; sourceTree = BUILT_PRODUCTS_DIR; };
		0E324B831CA8320700A4B39B /* HalfSugarismTests.m */ = {isa = PBXFileReference; lastKnownFileType = sourcecode.c.objc; path = HalfSugarismTests.m; sourceTree = "<group>"; };
		0E324B851CA8320700A4B39B /* Info.plist */ = {isa = PBXFileReference; lastKnownFileType = text.plist.xml; path = Info.plist; sourceTree = "<group>"; };
		0E324B8A1CA8320700A4B39B /* HalfSugarismUITests.xctest */ = {isa = PBXFileReference; explicitFileType = wrapper.cfbundle; includeInIndex = 0; path = HalfSugarismUITests.xctest; sourceTree = BUILT_PRODUCTS_DIR; };
		0E324B8E1CA8320700A4B39B /* HalfSugarismUITests.m */ = {isa = PBXFileReference; lastKnownFileType = sourcecode.c.objc; path = HalfSugarismUITests.m; sourceTree = "<group>"; };
		0E324B901CA8320700A4B39B /* Info.plist */ = {isa = PBXFileReference; lastKnownFileType = text.plist.xml; path = Info.plist; sourceTree = "<group>"; };
		0E5C91431CAAC86B00E41A34 /* Constant.h */ = {isa = PBXFileReference; lastKnownFileType = sourcecode.c.h; path = Constant.h; sourceTree = "<group>"; };
		0E9361B81CB559E800078153 /* AppDelegate.h */ = {isa = PBXFileReference; fileEncoding = 4; lastKnownFileType = sourcecode.c.h; name = AppDelegate.h; path = HalfSugarism/AppDelegate.h; sourceTree = SOURCE_ROOT; };
		0E9361B91CB559E800078153 /* AppDelegate.m */ = {isa = PBXFileReference; fileEncoding = 4; lastKnownFileType = sourcecode.c.objc; name = AppDelegate.m; path = HalfSugarism/AppDelegate.m; sourceTree = SOURCE_ROOT; };
		5C1E854674F250F0D8F8799C /* Pods.debug.xcconfig */ = {isa = PBXFileReference; includeInIndex = 1; lastKnownFileType = text.xcconfig; name = Pods.debug.xcconfig; path = "Pods/Target Support Files/Pods/Pods.debug.xcconfig"; sourceTree = "<group>"; };
		E4406CEBC25C0ACD529CEE37 /* libPods.a */ = {isa = PBXFileReference; explicitFileType = archive.ar; includeInIndex = 0; path = libPods.a; sourceTree = BUILT_PRODUCTS_DIR; };
		E6037C281CA8CB7900B3BED0 /* ZZTabbarControllerConfig.h */ = {isa = PBXFileReference; fileEncoding = 4; lastKnownFileType = sourcecode.c.h; path = ZZTabbarControllerConfig.h; sourceTree = "<group>"; };
		E6037C291CA8CB7900B3BED0 /* ZZTabbarControllerConfig.m */ = {isa = PBXFileReference; fileEncoding = 4; lastKnownFileType = sourcecode.c.objc; path = ZZTabbarControllerConfig.m; sourceTree = "<group>"; };
		E6037C2D1CA8CF2E00B3BED0 /* ZZTabBarController.h */ = {isa = PBXFileReference; fileEncoding = 4; lastKnownFileType = sourcecode.c.h; path = ZZTabBarController.h; sourceTree = "<group>"; };
		E6037C2E1CA8CF2E00B3BED0 /* ZZTabBarController.m */ = {isa = PBXFileReference; fileEncoding = 4; lastKnownFileType = sourcecode.c.objc; path = ZZTabBarController.m; sourceTree = "<group>"; };
		E6037C301CA9007500B3BED0 /* ZZTabBar.h */ = {isa = PBXFileReference; fileEncoding = 4; lastKnownFileType = sourcecode.c.h; path = ZZTabBar.h; sourceTree = "<group>"; };
		E6037C311CA9007500B3BED0 /* ZZTabBar.m */ = {isa = PBXFileReference; fileEncoding = 4; lastKnownFileType = sourcecode.c.objc; path = ZZTabBar.m; sourceTree = "<group>"; };
		E6037C331CA902D300B3BED0 /* ZZPlusButton.h */ = {isa = PBXFileReference; fileEncoding = 4; lastKnownFileType = sourcecode.c.h; path = ZZPlusButton.h; sourceTree = "<group>"; };
		E6037C341CA902D300B3BED0 /* ZZPlusButton.m */ = {isa = PBXFileReference; fileEncoding = 4; lastKnownFileType = sourcecode.c.objc; path = ZZPlusButton.m; sourceTree = "<group>"; };
		E6037C361CA90BA300B3BED0 /* ZZPlusButtonSubClass.h */ = {isa = PBXFileReference; fileEncoding = 4; lastKnownFileType = sourcecode.c.h; path = ZZPlusButtonSubClass.h; sourceTree = "<group>"; };
		E6037C371CA90BA300B3BED0 /* ZZPlusButtonSubClass.m */ = {isa = PBXFileReference; fileEncoding = 4; lastKnownFileType = sourcecode.c.objc; path = ZZPlusButtonSubClass.m; sourceTree = "<group>"; };
		E6EEF2941CAA1F6800855540 /* ZZPhotoGroupCell.h */ = {isa = PBXFileReference; fileEncoding = 4; lastKnownFileType = sourcecode.c.h; path = ZZPhotoGroupCell.h; sourceTree = "<group>"; };
		E6EEF2951CAA1F6800855540 /* ZZPhotoGroupCell.m */ = {isa = PBXFileReference; fileEncoding = 4; lastKnownFileType = sourcecode.c.objc; path = ZZPhotoGroupCell.m; sourceTree = "<group>"; };
		E6EEF2971CAA54CE00855540 /* ZZPhotoGroupView.h */ = {isa = PBXFileReference; fileEncoding = 4; lastKnownFileType = sourcecode.c.h; path = ZZPhotoGroupView.h; sourceTree = "<group>"; };
		E6EEF2981CAA54CE00855540 /* ZZPhotoGroupView.m */ = {isa = PBXFileReference; fileEncoding = 4; lastKnownFileType = sourcecode.c.objc; path = ZZPhotoGroupView.m; sourceTree = "<group>"; };
		E6EEF29A1CAA56F500855540 /* ZZHalfSugarrismPrefixHeader.pch */ = {isa = PBXFileReference; lastKnownFileType = sourcecode.c.h; path = ZZHalfSugarrismPrefixHeader.pch; sourceTree = "<group>"; };
		E6EEF29C1CAA576D00855540 /* UIConstant.h */ = {isa = PBXFileReference; lastKnownFileType = sourcecode.c.h; path = UIConstant.h; sourceTree = "<group>"; };
		E6EEF29D1CAA659700855540 /* ZZPhotoGroupViewController.h */ = {isa = PBXFileReference; fileEncoding = 4; lastKnownFileType = sourcecode.c.h; path = ZZPhotoGroupViewController.h; sourceTree = "<group>"; };
		E6EEF29E1CAA659700855540 /* ZZPhotoGroupViewController.m */ = {isa = PBXFileReference; fileEncoding = 4; lastKnownFileType = sourcecode.c.objc; path = ZZPhotoGroupViewController.m; sourceTree = "<group>"; };
		E6EEF2A01CAA6E9B00855540 /* ZZPhotoListView.h */ = {isa = PBXFileReference; fileEncoding = 4; lastKnownFileType = sourcecode.c.h; path = ZZPhotoListView.h; sourceTree = "<group>"; };
		E6EEF2A11CAA6E9B00855540 /* ZZPhotoListView.m */ = {isa = PBXFileReference; fileEncoding = 4; lastKnownFileType = sourcecode.c.objc; path = ZZPhotoListView.m; sourceTree = "<group>"; };
		E6EEF2A31CAA6ECB00855540 /* ZZPhotoListViewCell.h */ = {isa = PBXFileReference; fileEncoding = 4; lastKnownFileType = sourcecode.c.h; path = ZZPhotoListViewCell.h; sourceTree = "<group>"; };
		E6EEF2A41CAA6ECB00855540 /* ZZPhotoListViewCell.m */ = {isa = PBXFileReference; fileEncoding = 4; lastKnownFileType = sourcecode.c.objc; path = ZZPhotoListViewCell.m; sourceTree = "<group>"; };
		E6EEF2A61CAA75B400855540 /* ZZTapAssetView.h */ = {isa = PBXFileReference; fileEncoding = 4; lastKnownFileType = sourcecode.c.h; path = ZZTapAssetView.h; sourceTree = "<group>"; };
		E6EEF2A71CAA75B400855540 /* ZZTapAssetView.m */ = {isa = PBXFileReference; fileEncoding = 4; lastKnownFileType = sourcecode.c.objc; path = ZZTapAssetView.m; sourceTree = "<group>"; };
/* End PBXFileReference section */

/* Begin PBXFrameworksBuildPhase section */
		0E324B631CA8320700A4B39B /* Frameworks */ = {
			isa = PBXFrameworksBuildPhase;
			buildActionMask = 2147483647;
			files = (
				50ED2E9018040A87C16DDD4B /* libPods.a in Frameworks */,
			);
			runOnlyForDeploymentPostprocessing = 0;
		};
		0E324B7C1CA8320700A4B39B /* Frameworks */ = {
			isa = PBXFrameworksBuildPhase;
			buildActionMask = 2147483647;
			files = (
			);
			runOnlyForDeploymentPostprocessing = 0;
		};
		0E324B871CA8320700A4B39B /* Frameworks */ = {
			isa = PBXFrameworksBuildPhase;
			buildActionMask = 2147483647;
			files = (
			);
			runOnlyForDeploymentPostprocessing = 0;
		};
/* End PBXFrameworksBuildPhase section */

/* Begin PBXGroup section */
		0E324B5D1CA8320700A4B39B = {
			isa = PBXGroup;
			children = (
				0E324B681CA8320700A4B39B /* HalfSugarism */,
				0E324B821CA8320700A4B39B /* HalfSugarismTests */,
				0E324B8D1CA8320700A4B39B /* HalfSugarismUITests */,
				0E324B671CA8320700A4B39B /* Products */,
				19CD00B0027FB3CE0513393A /* Pods */,
				B1F21293906A3D691DC109C6 /* Frameworks */,
			);
			sourceTree = "<group>";
		};
		0E324B671CA8320700A4B39B /* Products */ = {
			isa = PBXGroup;
			children = (
				0E324B661CA8320700A4B39B /* HalfSugarism.app */,
				0E324B7F1CA8320700A4B39B /* HalfSugarismTests.xctest */,
				0E324B8A1CA8320700A4B39B /* HalfSugarismUITests.xctest */,
			);
			name = Products;
			sourceTree = "<group>";
		};
		0E324B681CA8320700A4B39B /* HalfSugarism */ = {
			isa = PBXGroup;
			children = (
				E6EEF29B1CAA575100855540 /* Constant */,
				E6037C2B1CA8CED800B3BED0 /* Utils */,
				E6037C261CA8CAF500B3BED0 /* Main */,
				E6037C221CA8C5A200B3BED0 /* Application */,
				E6037C201CA8C4D400B3BED0 /* Pages */,
				0E324B691CA8320700A4B39B /* Supporting Files */,
			);
			path = HalfSugarism;
			sourceTree = "<group>";
		};
		0E324B691CA8320700A4B39B /* Supporting Files */ = {
			isa = PBXGroup;
			children = (
				0E324B751CA8320700A4B39B /* Assets.xcassets */,
				0E324B7A1CA8320700A4B39B /* Info.plist */,
				0E324B6A1CA8320700A4B39B /* main.m */,
				0E324B771CA8320700A4B39B /* LaunchScreen.storyboard */,
				E6EEF29A1CAA56F500855540 /* ZZHalfSugarrismPrefixHeader.pch */,
			);
			name = "Supporting Files";
			sourceTree = "<group>";
		};
		0E324B821CA8320700A4B39B /* HalfSugarismTests */ = {
			isa = PBXGroup;
			children = (
				0E324B831CA8320700A4B39B /* HalfSugarismTests.m */,
				0E324B851CA8320700A4B39B /* Info.plist */,
			);
			path = HalfSugarismTests;
			sourceTree = "<group>";
		};
		0E324B8D1CA8320700A4B39B /* HalfSugarismUITests */ = {
			isa = PBXGroup;
			children = (
				0E324B8E1CA8320700A4B39B /* HalfSugarismUITests.m */,
				0E324B901CA8320700A4B39B /* Info.plist */,
			);
			path = HalfSugarismUITests;
			sourceTree = "<group>";
		};
		19CD00B0027FB3CE0513393A /* Pods */ = {
			isa = PBXGroup;
			children = (
				5C1E854674F250F0D8F8799C /* Pods.debug.xcconfig */,
				07284B80213411EA71E53478 /* Pods.release.xcconfig */,
			);
			name = Pods;
			sourceTree = "<group>";
		};
		B1F21293906A3D691DC109C6 /* Frameworks */ = {
			isa = PBXGroup;
			children = (
				E4406CEBC25C0ACD529CEE37 /* libPods.a */,
			);
			name = Frameworks;
			sourceTree = "<group>";
		};
		E6037C201CA8C4D400B3BED0 /* Pages */ = {
			isa = PBXGroup;
			children = (
				E6037C211CA8C50200B3BED0 /* Home */,
			);
			path = Pages;
			sourceTree = "<group>";
		};
		E6037C211CA8C50200B3BED0 /* Home */ = {
			isa = PBXGroup;
			children = (
			);
			path = Home;
			sourceTree = "<group>";
		};
		E6037C221CA8C5A200B3BED0 /* Application */ = {
			isa = PBXGroup;
			children = (
				0E9361B81CB559E800078153 /* AppDelegate.h */,
				0E9361B91CB559E800078153 /* AppDelegate.m */,
			);
			path = Application;
			sourceTree = "<group>";
		};
		E6037C261CA8CAF500B3BED0 /* Main */ = {
			isa = PBXGroup;
			children = (
				E6037C271CA8CB1C00B3BED0 /* TabbarController */,
			);
			path = Main;
			sourceTree = "<group>";
		};
		E6037C271CA8CB1C00B3BED0 /* TabbarController */ = {
			isa = PBXGroup;
			children = (
				E6037C281CA8CB7900B3BED0 /* ZZTabbarControllerConfig.h */,
				E6037C291CA8CB7900B3BED0 /* ZZTabbarControllerConfig.m */,
				E6037C361CA90BA300B3BED0 /* ZZPlusButtonSubClass.h */,
				E6037C371CA90BA300B3BED0 /* ZZPlusButtonSubClass.m */,
			);
			path = TabbarController;
			sourceTree = "<group>";
		};
		E6037C2B1CA8CED800B3BED0 /* Utils */ = {
			isa = PBXGroup;
			children = (
				E6EEF2931CAA1F2F00855540 /* ZZPhotoPicker */,
				E6037C2C1CA8CEF800B3BED0 /* ZZtabBarController */,
			);
			path = Utils;
			sourceTree = "<group>";
		};
		E6037C2C1CA8CEF800B3BED0 /* ZZtabBarController */ = {
			isa = PBXGroup;
			children = (
				E6037C2D1CA8CF2E00B3BED0 /* ZZTabBarController.h */,
				E6037C2E1CA8CF2E00B3BED0 /* ZZTabBarController.m */,
				E6037C301CA9007500B3BED0 /* ZZTabBar.h */,
				E6037C311CA9007500B3BED0 /* ZZTabBar.m */,
				E6037C331CA902D300B3BED0 /* ZZPlusButton.h */,
				E6037C341CA902D300B3BED0 /* ZZPlusButton.m */,
			);
			path = ZZtabBarController;
			sourceTree = "<group>";
		};
		E6EEF2931CAA1F2F00855540 /* ZZPhotoPicker */ = {
			isa = PBXGroup;
			children = (
				E6EEF2941CAA1F6800855540 /* ZZPhotoGroupCell.h */,
				E6EEF2951CAA1F6800855540 /* ZZPhotoGroupCell.m */,
				E6EEF2971CAA54CE00855540 /* ZZPhotoGroupView.h */,
				E6EEF2981CAA54CE00855540 /* ZZPhotoGroupView.m */,
				E6EEF29D1CAA659700855540 /* ZZPhotoGroupViewController.h */,
				E6EEF29E1CAA659700855540 /* ZZPhotoGroupViewController.m */,
				E6EEF2A01CAA6E9B00855540 /* ZZPhotoListView.h */,
				E6EEF2A11CAA6E9B00855540 /* ZZPhotoListView.m */,
				E6EEF2A31CAA6ECB00855540 /* ZZPhotoListViewCell.h */,
				E6EEF2A41CAA6ECB00855540 /* ZZPhotoListViewCell.m */,
				E6EEF2A61CAA75B400855540 /* ZZTapAssetView.h */,
				E6EEF2A71CAA75B400855540 /* ZZTapAssetView.m */,
			);
			path = ZZPhotoPicker;
			sourceTree = "<group>";
		};
		E6EEF29B1CAA575100855540 /* Constant */ = {
			isa = PBXGroup;
			children = (
				E6EEF29C1CAA576D00855540 /* UIConstant.h */,
				0E5C91431CAAC86B00E41A34 /* Constant.h */,
			);
			path = Constant;
			sourceTree = "<group>";
		};
/* End PBXGroup section */

/* Begin PBXNativeTarget section */
		0E324B651CA8320700A4B39B /* HalfSugarism */ = {
			isa = PBXNativeTarget;
			buildConfigurationList = 0E324B931CA8320700A4B39B /* Build configuration list for PBXNativeTarget "HalfSugarism" */;
			buildPhases = (
				3BD6E5D10C5BB2F7F42DE230 /* Check Pods Manifest.lock */,
				0E324B621CA8320700A4B39B /* Sources */,
				0E324B631CA8320700A4B39B /* Frameworks */,
				0E324B641CA8320700A4B39B /* Resources */,
				9E7CC97D628F7A409AEDD0D3 /* Embed Pods Frameworks */,
				3CCFDFAAB91FA85B0BE703D3 /* Copy Pods Resources */,
			);
			buildRules = (
			);
			dependencies = (
			);
			name = HalfSugarism;
			productName = HalfSugarism;
			productReference = 0E324B661CA8320700A4B39B /* HalfSugarism.app */;
			productType = "com.apple.product-type.application";
		};
		0E324B7E1CA8320700A4B39B /* HalfSugarismTests */ = {
			isa = PBXNativeTarget;
			buildConfigurationList = 0E324B961CA8320700A4B39B /* Build configuration list for PBXNativeTarget "HalfSugarismTests" */;
			buildPhases = (
				0E324B7B1CA8320700A4B39B /* Sources */,
				0E324B7C1CA8320700A4B39B /* Frameworks */,
				0E324B7D1CA8320700A4B39B /* Resources */,
			);
			buildRules = (
			);
			dependencies = (
				0E324B811CA8320700A4B39B /* PBXTargetDependency */,
			);
			name = HalfSugarismTests;
			productName = HalfSugarismTests;
			productReference = 0E324B7F1CA8320700A4B39B /* HalfSugarismTests.xctest */;
			productType = "com.apple.product-type.bundle.unit-test";
		};
		0E324B891CA8320700A4B39B /* HalfSugarismUITests */ = {
			isa = PBXNativeTarget;
			buildConfigurationList = 0E324B991CA8320700A4B39B /* Build configuration list for PBXNativeTarget "HalfSugarismUITests" */;
			buildPhases = (
				0E324B861CA8320700A4B39B /* Sources */,
				0E324B871CA8320700A4B39B /* Frameworks */,
				0E324B881CA8320700A4B39B /* Resources */,
			);
			buildRules = (
			);
			dependencies = (
				0E324B8C1CA8320700A4B39B /* PBXTargetDependency */,
			);
			name = HalfSugarismUITests;
			productName = HalfSugarismUITests;
			productReference = 0E324B8A1CA8320700A4B39B /* HalfSugarismUITests.xctest */;
			productType = "com.apple.product-type.bundle.ui-testing";
		};
/* End PBXNativeTarget section */

/* Begin PBXProject section */
		0E324B5E1CA8320700A4B39B /* Project object */ = {
			isa = PBXProject;
			attributes = {
				CLASSPREFIX = ZZ;
				LastUpgradeCheck = 0730;
				ORGANIZATIONNAME = zhaozheng;
				TargetAttributes = {
					0E324B651CA8320700A4B39B = {
						CreatedOnToolsVersion = 7.3;
					};
					0E324B7E1CA8320700A4B39B = {
						CreatedOnToolsVersion = 7.3;
						TestTargetID = 0E324B651CA8320700A4B39B;
					};
					0E324B891CA8320700A4B39B = {
						CreatedOnToolsVersion = 7.3;
						TestTargetID = 0E324B651CA8320700A4B39B;
					};
				};
			};
			buildConfigurationList = 0E324B611CA8320700A4B39B /* Build configuration list for PBXProject "HalfSugarism" */;
			compatibilityVersion = "Xcode 3.2";
			developmentRegion = English;
			hasScannedForEncodings = 0;
			knownRegions = (
				en,
				Base,
			);
			mainGroup = 0E324B5D1CA8320700A4B39B;
			productRefGroup = 0E324B671CA8320700A4B39B /* Products */;
			projectDirPath = "";
			projectRoot = "";
			targets = (
				0E324B651CA8320700A4B39B /* HalfSugarism */,
				0E324B7E1CA8320700A4B39B /* HalfSugarismTests */,
				0E324B891CA8320700A4B39B /* HalfSugarismUITests */,
			);
		};
/* End PBXProject section */

/* Begin PBXResourcesBuildPhase section */
		0E324B641CA8320700A4B39B /* Resources */ = {
			isa = PBXResourcesBuildPhase;
			buildActionMask = 2147483647;
			files = (
				0E324B791CA8320700A4B39B /* LaunchScreen.storyboard in Resources */,
				0E324B761CA8320700A4B39B /* Assets.xcassets in Resources */,
			);
			runOnlyForDeploymentPostprocessing = 0;
		};
		0E324B7D1CA8320700A4B39B /* Resources */ = {
			isa = PBXResourcesBuildPhase;
			buildActionMask = 2147483647;
			files = (
			);
			runOnlyForDeploymentPostprocessing = 0;
		};
		0E324B881CA8320700A4B39B /* Resources */ = {
			isa = PBXResourcesBuildPhase;
			buildActionMask = 2147483647;
			files = (
			);
			runOnlyForDeploymentPostprocessing = 0;
		};
/* End PBXResourcesBuildPhase section */

/* Begin PBXShellScriptBuildPhase section */
		3BD6E5D10C5BB2F7F42DE230 /* Check Pods Manifest.lock */ = {
			isa = PBXShellScriptBuildPhase;
			buildActionMask = 2147483647;
			files = (
			);
			inputPaths = (
			);
			name = "Check Pods Manifest.lock";
			outputPaths = (
			);
			runOnlyForDeploymentPostprocessing = 0;
			shellPath = /bin/sh;
			shellScript = "diff \"${PODS_ROOT}/../Podfile.lock\" \"${PODS_ROOT}/Manifest.lock\" > /dev/null\nif [[ $? != 0 ]] ; then\n    cat << EOM\nerror: The sandbox is not in sync with the Podfile.lock. Run 'pod install' or update your CocoaPods installation.\nEOM\n    exit 1\nfi\n";
			showEnvVarsInLog = 0;
		};
		3CCFDFAAB91FA85B0BE703D3 /* Copy Pods Resources */ = {
			isa = PBXShellScriptBuildPhase;
			buildActionMask = 2147483647;
			files = (
			);
			inputPaths = (
			);
			name = "Copy Pods Resources";
			outputPaths = (
			);
			runOnlyForDeploymentPostprocessing = 0;
			shellPath = /bin/sh;
			shellScript = "\"${SRCROOT}/Pods/Target Support Files/Pods/Pods-resources.sh\"\n";
			showEnvVarsInLog = 0;
		};
		9E7CC97D628F7A409AEDD0D3 /* Embed Pods Frameworks */ = {
			isa = PBXShellScriptBuildPhase;
			buildActionMask = 2147483647;
			files = (
			);
			inputPaths = (
			);
			name = "Embed Pods Frameworks";
			outputPaths = (
			);
			runOnlyForDeploymentPostprocessing = 0;
			shellPath = /bin/sh;
			shellScript = "\"${SRCROOT}/Pods/Target Support Files/Pods/Pods-frameworks.sh\"\n";
			showEnvVarsInLog = 0;
		};
/* End PBXShellScriptBuildPhase section */

/* Begin PBXSourcesBuildPhase section */
		0E324B621CA8320700A4B39B /* Sources */ = {
			isa = PBXSourcesBuildPhase;
			buildActionMask = 2147483647;
			files = (
				E6EEF2991CAA54CE00855540 /* ZZPhotoGroupView.m in Sources */,
				E6EEF2A51CAA6ECB00855540 /* ZZPhotoListViewCell.m in Sources */,
				E6EEF2961CAA1F6800855540 /* ZZPhotoGroupCell.m in Sources */,
				E6EEF2A81CAA75B400855540 /* ZZTapAssetView.m in Sources */,
				E6037C2A1CA8CB7900B3BED0 /* ZZTabbarControllerConfig.m in Sources */,
				0E9361BA1CB559E800078153 /* AppDelegate.m in Sources */,
				E6EEF2A21CAA6E9B00855540 /* ZZPhotoListView.m in Sources */,
				E6037C381CA90BA300B3BED0 /* ZZPlusButtonSubClass.m in Sources */,
				E6037C321CA9007500B3BED0 /* ZZTabBar.m in Sources */,
				0E324B6B1CA8320700A4B39B /* main.m in Sources */,
				E6EEF29F1CAA659700855540 /* ZZPhotoGroupViewController.m in Sources */,
				E6037C2F1CA8CF2E00B3BED0 /* ZZTabBarController.m in Sources */,
				E6037C351CA902D300B3BED0 /* ZZPlusButton.m in Sources */,
			);
			runOnlyForDeploymentPostprocessing = 0;
		};
		0E324B7B1CA8320700A4B39B /* Sources */ = {
			isa = PBXSourcesBuildPhase;
			buildActionMask = 2147483647;
			files = (
				0E324B841CA8320700A4B39B /* HalfSugarismTests.m in Sources */,
			);
			runOnlyForDeploymentPostprocessing = 0;
		};
		0E324B861CA8320700A4B39B /* Sources */ = {
			isa = PBXSourcesBuildPhase;
			buildActionMask = 2147483647;
			files = (
				0E324B8F1CA8320700A4B39B /* HalfSugarismUITests.m in Sources */,
			);
			runOnlyForDeploymentPostprocessing = 0;
		};
/* End PBXSourcesBuildPhase section */

/* Begin PBXTargetDependency section */
		0E324B811CA8320700A4B39B /* PBXTargetDependency */ = {
			isa = PBXTargetDependency;
			target = 0E324B651CA8320700A4B39B /* HalfSugarism */;
			targetProxy = 0E324B801CA8320700A4B39B /* PBXContainerItemProxy */;
		};
		0E324B8C1CA8320700A4B39B /* PBXTargetDependency */ = {
			isa = PBXTargetDependency;
			target = 0E324B651CA8320700A4B39B /* HalfSugarism */;
			targetProxy = 0E324B8B1CA8320700A4B39B /* PBXContainerItemProxy */;
		};
/* End PBXTargetDependency section */

/* Begin PBXVariantGroup section */
		0E324B771CA8320700A4B39B /* LaunchScreen.storyboard */ = {
			isa = PBXVariantGroup;
			children = (
				0E324B781CA8320700A4B39B /* Base */,
			);
			name = LaunchScreen.storyboard;
			sourceTree = "<group>";
		};
/* End PBXVariantGroup section */

/* Begin XCBuildConfiguration section */
		0E324B911CA8320700A4B39B /* Debug */ = {
			isa = XCBuildConfiguration;
			buildSettings = {
				ALWAYS_SEARCH_USER_PATHS = NO;
				CLANG_ANALYZER_NONNULL = YES;
				CLANG_CXX_LANGUAGE_STANDARD = "gnu++0x";
				CLANG_CXX_LIBRARY = "libc++";
				CLANG_ENABLE_MODULES = YES;
				CLANG_ENABLE_OBJC_ARC = YES;
				CLANG_WARN_BOOL_CONVERSION = YES;
				CLANG_WARN_CONSTANT_CONVERSION = YES;
				CLANG_WARN_DIRECT_OBJC_ISA_USAGE = YES_ERROR;
				CLANG_WARN_EMPTY_BODY = YES;
				CLANG_WARN_ENUM_CONVERSION = YES;
				CLANG_WARN_INT_CONVERSION = YES;
				CLANG_WARN_OBJC_ROOT_CLASS = YES_ERROR;
				CLANG_WARN_UNREACHABLE_CODE = YES;
				CLANG_WARN__DUPLICATE_METHOD_MATCH = YES;
				"CODE_SIGN_IDENTITY[sdk=iphoneos*]" = "iPhone Developer";
				COPY_PHASE_STRIP = NO;
				DEBUG_INFORMATION_FORMAT = dwarf;
				ENABLE_STRICT_OBJC_MSGSEND = YES;
				ENABLE_TESTABILITY = YES;
				GCC_C_LANGUAGE_STANDARD = gnu99;
				GCC_DYNAMIC_NO_PIC = NO;
				GCC_NO_COMMON_BLOCKS = YES;
				GCC_OPTIMIZATION_LEVEL = 0;
				GCC_PREPROCESSOR_DEFINITIONS = (
					"DEBUG=1",
					"$(inherited)",
				);
				GCC_WARN_64_TO_32_BIT_CONVERSION = YES;
				GCC_WARN_ABOUT_RETURN_TYPE = YES_ERROR;
				GCC_WARN_UNDECLARED_SELECTOR = YES;
				GCC_WARN_UNINITIALIZED_AUTOS = YES_AGGRESSIVE;
				GCC_WARN_UNUSED_FUNCTION = YES;
				GCC_WARN_UNUSED_VARIABLE = YES;
				IPHONEOS_DEPLOYMENT_TARGET = 9.3;
				MTL_ENABLE_DEBUG_INFO = YES;
				ONLY_ACTIVE_ARCH = YES;
				SDKROOT = iphoneos;
			};
			name = Debug;
		};
		0E324B921CA8320700A4B39B /* Release */ = {
			isa = XCBuildConfiguration;
			buildSettings = {
				ALWAYS_SEARCH_USER_PATHS = NO;
				CLANG_ANALYZER_NONNULL = YES;
				CLANG_CXX_LANGUAGE_STANDARD = "gnu++0x";
				CLANG_CXX_LIBRARY = "libc++";
				CLANG_ENABLE_MODULES = YES;
				CLANG_ENABLE_OBJC_ARC = YES;
				CLANG_WARN_BOOL_CONVERSION = YES;
				CLANG_WARN_CONSTANT_CONVERSION = YES;
				CLANG_WARN_DIRECT_OBJC_ISA_USAGE = YES_ERROR;
				CLANG_WARN_EMPTY_BODY = YES;
				CLANG_WARN_ENUM_CONVERSION = YES;
				CLANG_WARN_INT_CONVERSION = YES;
				CLANG_WARN_OBJC_ROOT_CLASS = YES_ERROR;
				CLANG_WARN_UNREACHABLE_CODE = YES;
				CLANG_WARN__DUPLICATE_METHOD_MATCH = YES;
				"CODE_SIGN_IDENTITY[sdk=iphoneos*]" = "iPhone Developer";
				COPY_PHASE_STRIP = NO;
				DEBUG_INFORMATION_FORMAT = "dwarf-with-dsym";
				ENABLE_NS_ASSERTIONS = NO;
				ENABLE_STRICT_OBJC_MSGSEND = YES;
				GCC_C_LANGUAGE_STANDARD = gnu99;
				GCC_NO_COMMON_BLOCKS = YES;
				GCC_WARN_64_TO_32_BIT_CONVERSION = YES;
				GCC_WARN_ABOUT_RETURN_TYPE = YES_ERROR;
				GCC_WARN_UNDECLARED_SELECTOR = YES;
				GCC_WARN_UNINITIALIZED_AUTOS = YES_AGGRESSIVE;
				GCC_WARN_UNUSED_FUNCTION = YES;
				GCC_WARN_UNUSED_VARIABLE = YES;
				IPHONEOS_DEPLOYMENT_TARGET = 9.3;
				MTL_ENABLE_DEBUG_INFO = NO;
				SDKROOT = iphoneos;
				VALIDATE_PRODUCT = YES;
			};
			name = Release;
		};
		0E324B941CA8320700A4B39B /* Debug */ = {
			isa = XCBuildConfiguration;
			baseConfigurationReference = 5C1E854674F250F0D8F8799C /* Pods.debug.xcconfig */;
			buildSettings = {
				ASSETCATALOG_COMPILER_APPICON_NAME = AppIcon;
				GCC_PRECOMPILE_PREFIX_HEADER = YES;
				GCC_PREFIX_HEADER = "$(SRCROOT)/HalfSugarism/ZZHalfSugarrismPrefixHeader.pch";
				INFOPLIST_FILE = HalfSugarism/Info.plist;
				LD_RUNPATH_SEARCH_PATHS = "$(inherited) @executable_path/Frameworks";
				PRODUCT_BUNDLE_IDENTIFIER = ZZ.HalfSugarism;
				PRODUCT_NAME = "$(TARGET_NAME)";
			};
			name = Debug;
		};
		0E324B951CA8320700A4B39B /* Release */ = {
			isa = XCBuildConfiguration;
			baseConfigurationReference = 07284B80213411EA71E53478 /* Pods.release.xcconfig */;
			buildSettings = {
				ASSETCATALOG_COMPILER_APPICON_NAME = AppIcon;
				GCC_PRECOMPILE_PREFIX_HEADER = YES;
				GCC_PREFIX_HEADER = "$(SRCROOT)/HalfSugarism/ZZHalfSugarrismPrefixHeader.pch";
				INFOPLIST_FILE = HalfSugarism/Info.plist;
				LD_RUNPATH_SEARCH_PATHS = "$(inherited) @executable_path/Frameworks";
				PRODUCT_BUNDLE_IDENTIFIER = ZZ.HalfSugarism;
				PRODUCT_NAME = "$(TARGET_NAME)";
			};
			name = Release;
		};
		0E324B971CA8320700A4B39B /* Debug */ = {
			isa = XCBuildConfiguration;
			buildSettings = {
				BUNDLE_LOADER = "$(TEST_HOST)";
				INFOPLIST_FILE = HalfSugarismTests/Info.plist;
				LD_RUNPATH_SEARCH_PATHS = "$(inherited) @executable_path/Frameworks @loader_path/Frameworks";
				PRODUCT_BUNDLE_IDENTIFIER = ZZ.HalfSugarismTests;
				PRODUCT_NAME = "$(TARGET_NAME)";
				TEST_HOST = "$(BUILT_PRODUCTS_DIR)/HalfSugarism.app/HalfSugarism";
			};
			name = Debug;
		};
		0E324B981CA8320700A4B39B /* Release */ = {
			isa = XCBuildConfiguration;
			buildSettings = {
				BUNDLE_LOADER = "$(TEST_HOST)";
				INFOPLIST_FILE = HalfSugarismTests/Info.plist;
				LD_RUNPATH_SEARCH_PATHS = "$(inherited) @executable_path/Frameworks @loader_path/Frameworks";
				PRODUCT_BUNDLE_IDENTIFIER = ZZ.HalfSugarismTests;
				PRODUCT_NAME = "$(TARGET_NAME)";
				TEST_HOST = "$(BUILT_PRODUCTS_DIR)/HalfSugarism.app/HalfSugarism";
			};
			name = Release;
		};
		0E324B9A1CA8320700A4B39B /* Debug */ = {
			isa = XCBuildConfiguration;
			buildSettings = {
				INFOPLIST_FILE = HalfSugarismUITests/Info.plist;
				LD_RUNPATH_SEARCH_PATHS = "$(inherited) @executable_path/Frameworks @loader_path/Frameworks";
				PRODUCT_BUNDLE_IDENTIFIER = ZZ.HalfSugarismUITests;
				PRODUCT_NAME = "$(TARGET_NAME)";
				TEST_TARGET_NAME = HalfSugarism;
			};
			name = Debug;
		};
		0E324B9B1CA8320700A4B39B /* Release */ = {
			isa = XCBuildConfiguration;
			buildSettings = {
				INFOPLIST_FILE = HalfSugarismUITests/Info.plist;
				LD_RUNPATH_SEARCH_PATHS = "$(inherited) @executable_path/Frameworks @loader_path/Frameworks";
				PRODUCT_BUNDLE_IDENTIFIER = ZZ.HalfSugarismUITests;
				PRODUCT_NAME = "$(TARGET_NAME)";
				TEST_TARGET_NAME = HalfSugarism;
			};
			name = Release;
		};
/* End XCBuildConfiguration section */

/* Begin XCConfigurationList section */
		0E324B611CA8320700A4B39B /* Build configuration list for PBXProject "HalfSugarism" */ = {
			isa = XCConfigurationList;
			buildConfigurations = (
				0E324B911CA8320700A4B39B /* Debug */,
				0E324B921CA8320700A4B39B /* Release */,
			);
			defaultConfigurationIsVisible = 0;
			defaultConfigurationName = Release;
		};
		0E324B931CA8320700A4B39B /* Build configuration list for PBXNativeTarget "HalfSugarism" */ = {
			isa = XCConfigurationList;
			buildConfigurations = (
				0E324B941CA8320700A4B39B /* Debug */,
				0E324B951CA8320700A4B39B /* Release */,
			);
			defaultConfigurationIsVisible = 0;
			defaultConfigurationName = Release;
		};
		0E324B961CA8320700A4B39B /* Build configuration list for PBXNativeTarget "HalfSugarismTests" */ = {
			isa = XCConfigurationList;
			buildConfigurations = (
				0E324B971CA8320700A4B39B /* Debug */,
				0E324B981CA8320700A4B39B /* Release */,
			);
			defaultConfigurationIsVisible = 0;
			defaultConfigurationName = Release;
		};
		0E324B991CA8320700A4B39B /* Build configuration list for PBXNativeTarget "HalfSugarismUITests" */ = {
			isa = XCConfigurationList;
			buildConfigurations = (
				0E324B9A1CA8320700A4B39B /* Debug */,
				0E324B9B1CA8320700A4B39B /* Release */,
			);
			defaultConfigurationIsVisible = 0;
			defaultConfigurationName = Release;
		};
/* End XCConfigurationList section */
	};
	rootObject = 0E324B5E1CA8320700A4B39B /* Project object */;
}
